Microsoft Visual Studio Solution File, Format Version 10.00
# Visual Studio 2008
Project("{8BC9CEB8-8B4A-11D0-8D11-00A0C91BC942}") = "stamplib", "..\stamp\Stamplib-2005.vcproj", "{A70346ED-80B3-433C-A856-08C44D6854C8}"
EndProject
Project("{8BC9CEB8-8B4A-11D0-8D11-00A0C91BC942}") = "cportlib", "..\cportlib\Cportlib-2005.vcproj", "{D27ABE31-3EBC-4686-963D-5AFE7A10EFDB}"
EndProject
Project("{8BC9CEB8-8B4A-11D0-8D11-00A0C91BC942}") = "amplelib", "..\ample\Amplelib-2005.vcproj", "{DD41B157-98ED-4E30-9FFD-4348450E936E}"
EndProject
Project("{8BC9CEB8-8B4A-11D0-8D11-00A0C91BC942}") = "opaclib", "..\opaclib\Opaclib-2005.vcproj", "{28C233ED-85DA-4782-A9A1-396573867BA5}"
EndProject
Project("{8BC9CEB8-8B4A-11D0-8D11-00A0C91BC942}") = "stampdll-2008", "stampdll.vcproj", "{C1A340CF-59B9-4315-BC86-B52C5732770A}"
	ProjectSection(ProjectDependencies) = postProject
		{D27ABE31-3EBC-4686-963D-5AFE7A10EFDB} = {D27ABE31-3EBC-4686-963D-5AFE7A10EFDB}
		{DD41B157-98ED-4E30-9FFD-4348450E936E} = {DD41B157-98ED-4E30-9FFD-4348450E936E}
		{BD6184C1-2714-4539-9E0F-483F768B7FEA} = {BD6184C1-2714-4539-9E0F-483F768B7FEA}
		{172C91EC-5348-4C88-A1D2-72B49AF065D1} = {172C91EC-5348-4C88-A1D2-72B49AF065D1}
		{28C233ED-85DA-4782-A9A1-396573867BA5} = {28C233ED-85DA-4782-A9A1-396573867BA5}
		{A70346ED-80B3-433C-A856-08C44D6854C8} = {A70346ED-80B3-433C-A856-08C44D6854C8}
	EndProjectSection
EndProject
Project("{8BC9CEB8-8B4A-11D0-8D11-00A0C91BC942}") = "stamp", "..\stamp\Stamp-2005.vcproj", "{BD6184C1-2714-4539-9E0F-483F768B7FEA}"
	ProjectSection(ProjectDependencies) = postProject
		{D27ABE31-3EBC-4686-963D-5AFE7A10EFDB} = {D27ABE31-3EBC-4686-963D-5AFE7A10EFDB}
		{DD41B157-98ED-4E30-9FFD-4348450E936E} = {DD41B157-98ED-4E30-9FFD-4348450E936E}
		{28C233ED-85DA-4782-A9A1-396573867BA5} = {28C233ED-85DA-4782-A9A1-396573867BA5}
		{A70346ED-80B3-433C-A856-08C44D6854C8} = {A70346ED-80B3-433C-A856-08C44D6854C8}
	EndProjectSection
EndProject
Project("{8BC9CEB8-8B4A-11D0-8D11-00A0C91BC942}") = "patrlib", "..\pcpatr\Patrlib-2005.vcproj", "{5CB8DBA1-F070-4FD9-83C3-47248D3317CF}"
EndProject
Project("{8BC9CEB8-8B4A-11D0-8D11-00A0C91BC942}") = "pckimmo", "..\pckimmo\Pckimmo-2005.vcproj", "{4D3D78AC-3600-4BF7-8A0F-EFB909576A34}"
	ProjectSection(ProjectDependencies) = postProject
		{A3619E23-0DEB-42B2-A011-22F18F5F4435} = {A3619E23-0DEB-42B2-A011-22F18F5F4435}
		{D27ABE31-3EBC-4686-963D-5AFE7A10EFDB} = {D27ABE31-3EBC-4686-963D-5AFE7A10EFDB}
		{5CB8DBA1-F070-4FD9-83C3-47248D3317CF} = {5CB8DBA1-F070-4FD9-83C3-47248D3317CF}
		{28C233ED-85DA-4782-A9A1-396573867BA5} = {28C233ED-85DA-4782-A9A1-396573867BA5}
	EndProjectSection
EndProject
Project("{8BC9CEB8-8B4A-11D0-8D11-00A0C91BC942}") = "Cmdlib-2005", "..\cmdlib\Cmdlib-2005.vcproj", "{A3619E23-0DEB-42B2-A011-22F18F5F4435}"
EndProject
Project("{8BC9CEB8-8B4A-11D0-8D11-00A0C91BC942}") = "testdll-2008", "Testdll-2005.vcproj", "{E876EE0E-AC17-4903-BDC9-497838AD2591}"
	ProjectSection(ProjectDependencies) = postProject
		{C1A340CF-59B9-4315-BC86-B52C5732770A} = {C1A340CF-59B9-4315-BC86-B52C5732770A}
	EndProjectSection
EndProject
Project("{8BC9CEB8-8B4A-11D0-8D11-00A0C91BC942}") = "ampledll", "..\ample\Ampledll-2008.vcproj", "{F9F973F0-5111-4BA1-B8FB-58A56CD6CFE7}"
	ProjectSection(ProjectDependencies) = postProject
		{A3619E23-0DEB-42B2-A011-22F18F5F4435} = {A3619E23-0DEB-42B2-A011-22F18F5F4435}
	EndProjectSection
EndProject
Project("{8BC9CEB8-8B4A-11D0-8D11-00A0C91BC942}") = "ample", "..\ample\Ample-2008.vcproj", "{172C91EC-5348-4C88-A1D2-72B49AF065D1}"
	ProjectSection(ProjectDependencies) = postProject
		{A3619E23-0DEB-42B2-A011-22F18F5F4435} = {A3619E23-0DEB-42B2-A011-22F18F5F4435}
		{D27ABE31-3EBC-4686-963D-5AFE7A10EFDB} = {D27ABE31-3EBC-4686-963D-5AFE7A10EFDB}
		{DD41B157-98ED-4E30-9FFD-4348450E936E} = {DD41B157-98ED-4E30-9FFD-4348450E936E}
		{5CB8DBA1-F070-4FD9-83C3-47248D3317CF} = {5CB8DBA1-F070-4FD9-83C3-47248D3317CF}
		{4D3D78AC-3600-4BF7-8A0F-EFB909576A34} = {4D3D78AC-3600-4BF7-8A0F-EFB909576A34}
		{28C233ED-85DA-4782-A9A1-396573867BA5} = {28C233ED-85DA-4782-A9A1-396573867BA5}
	EndProjectSection
EndProject
Project("{8BC9CEB8-8B4A-11D0-8D11-00A0C91BC942}") = "testdll", "..\ample\Testdll.vcproj", "{5B8304EB-D359-413C-8DEF-603D08CE31A4}"
	ProjectSection(ProjectDependencies) = postProject
		{E876EE0E-AC17-4903-BDC9-497838AD2591} = {E876EE0E-AC17-4903-BDC9-497838AD2591}
		{A3619E23-0DEB-42B2-A011-22F18F5F4435} = {A3619E23-0DEB-42B2-A011-22F18F5F4435}
		{D27ABE31-3EBC-4686-963D-5AFE7A10EFDB} = {D27ABE31-3EBC-4686-963D-5AFE7A10EFDB}
		{DD41B157-98ED-4E30-9FFD-4348450E936E} = {DD41B157-98ED-4E30-9FFD-4348450E936E}
		{5CB8DBA1-F070-4FD9-83C3-47248D3317CF} = {5CB8DBA1-F070-4FD9-83C3-47248D3317CF}
		{4D3D78AC-3600-4BF7-8A0F-EFB909576A34} = {4D3D78AC-3600-4BF7-8A0F-EFB909576A34}
		{C1A340CF-59B9-4315-BC86-B52C5732770A} = {C1A340CF-59B9-4315-BC86-B52C5732770A}
		{172C91EC-5348-4C88-A1D2-72B49AF065D1} = {172C91EC-5348-4C88-A1D2-72B49AF065D1}
		{28C233ED-85DA-4782-A9A1-396573867BA5} = {28C233ED-85DA-4782-A9A1-396573867BA5}
		{A70346ED-80B3-433C-A856-08C44D6854C8} = {A70346ED-80B3-433C-A856-08C44D6854C8}
	EndProjectSection
EndProject
Global
	GlobalSection(SolutionConfigurationPlatforms) = preSolution
		Debug|Any CPU = Debug|Any CPU
		Debug|Mixed Platforms = Debug|Mixed Platforms
		Debug|Win32 = Debug|Win32
		Profile|Any CPU = Profile|Any CPU
		Profile|Mixed Platforms = Profile|Mixed Platforms
		Profile|Win32 = Profile|Win32
		Release|Any CPU = Release|Any CPU
		Release|Mixed Platforms = Release|Mixed Platforms
		Release|Win32 = Release|Win32
	EndGlobalSection
	GlobalSection(ProjectConfigurationPlatforms) = postSolution
		{A70346ED-80B3-433C-A856-08C44D6854C8}.Debug|Any CPU.ActiveCfg = Debug|Win32
		{A70346ED-80B3-433C-A856-08C44D6854C8}.Debug|Mixed Platforms.ActiveCfg = Debug|Win32
		{A70346ED-80B3-433C-A856-08C44D6854C8}.Debug|Mixed Platforms.Build.0 = Debug|Win32
		{A70346ED-80B3-433C-A856-08C44D6854C8}.Debug|Win32.ActiveCfg = Debug|Win32
		{A70346ED-80B3-433C-A856-08C44D6854C8}.Debug|Win32.Build.0 = Debug|Win32
		{A70346ED-80B3-433C-A856-08C44D6854C8}.Profile|Any CPU.ActiveCfg = Profile|Win32
		{A70346ED-80B3-433C-A856-08C44D6854C8}.Profile|Mixed Platforms.ActiveCfg = Profile|Win32
		{A70346ED-80B3-433C-A856-08C44D6854C8}.Profile|Mixed Platforms.Build.0 = Profile|Win32
		{A70346ED-80B3-433C-A856-08C44D6854C8}.Profile|Win32.ActiveCfg = Profile|Win32
		{A70346ED-80B3-433C-A856-08C44D6854C8}.Profile|Win32.Build.0 = Profile|Win32
		{A70346ED-80B3-433C-A856-08C44D6854C8}.Release|Any CPU.ActiveCfg = Release|Win32
		{A70346ED-80B3-433C-A856-08C44D6854C8}.Release|Mixed Platforms.ActiveCfg = Release|Win32
		{A70346ED-80B3-433C-A856-08C44D6854C8}.Release|Mixed Platforms.Build.0 = Release|Win32
		{A70346ED-80B3-433C-A856-08C44D6854C8}.Release|Win32.ActiveCfg = Release|Win32
		{A70346ED-80B3-433C-A856-08C44D6854C8}.Release|Win32.Build.0 = Release|Win32
		{D27ABE31-3EBC-4686-963D-5AFE7A10EFDB}.Debug|Any CPU.ActiveCfg = Debug|Win32
		{D27ABE31-3EBC-4686-963D-5AFE7A10EFDB}.Debug|Mixed Platforms.ActiveCfg = Debug|Win32
		{D27ABE31-3EBC-4686-963D-5AFE7A10EFDB}.Debug|Mixed Platforms.Build.0 = Debug|Win32
		{D27ABE31-3EBC-4686-963D-5AFE7A10EFDB}.Debug|Win32.ActiveCfg = Debug|Win32
		{D27ABE31-3EBC-4686-963D-5AFE7A10EFDB}.Debug|Win32.Build.0 = Debug|Win32
		{D27ABE31-3EBC-4686-963D-5AFE7A10EFDB}.Profile|Any CPU.ActiveCfg = Profile|Win32
		{D27ABE31-3EBC-4686-963D-5AFE7A10EFDB}.Profile|Mixed Platforms.ActiveCfg = Profile|Win32
		{D27ABE31-3EBC-4686-963D-5AFE7A10EFDB}.Profile|Mixed Platforms.Build.0 = Profile|Win32
		{D27ABE31-3EBC-4686-963D-5AFE7A10EFDB}.Profile|Win32.ActiveCfg = Profile|Win32
		{D27ABE31-3EBC-4686-963D-5AFE7A10EFDB}.Profile|Win32.Build.0 = Profile|Win32
		{D27ABE31-3EBC-4686-963D-5AFE7A10EFDB}.Release|Any CPU.ActiveCfg = Release|Win32
		{D27ABE31-3EBC-4686-963D-5AFE7A10EFDB}.Release|Mixed Platforms.ActiveCfg = Release|Win32
		{D27ABE31-3EBC-4686-963D-5AFE7A10EFDB}.Release|Mixed Platforms.Build.0 = Release|Win32
		{D27ABE31-3EBC-4686-963D-5AFE7A10EFDB}.Release|Win32.ActiveCfg = Release|Win32
		{D27ABE31-3EBC-4686-963D-5AFE7A10EFDB}.Release|Win32.Build.0 = Release|Win32
		{DD41B157-98ED-4E30-9FFD-4348450E936E}.Debug|Any CPU.ActiveCfg = Debug|Win32
		{DD41B157-98ED-4E30-9FFD-4348450E936E}.Debug|Mixed Platforms.ActiveCfg = Debug|Win32
		{DD41B157-98ED-4E30-9FFD-4348450E936E}.Debug|Mixed Platforms.Build.0 = Debug|Win32
		{DD41B157-98ED-4E30-9FFD-4348450E936E}.Debug|Win32.ActiveCfg = Debug|Win32
		{DD41B157-98ED-4E30-9FFD-4348450E936E}.Debug|Win32.Build.0 = Debug|Win32
		{DD41B157-98ED-4E30-9FFD-4348450E936E}.Profile|Any CPU.ActiveCfg = Profile|Win32
		{DD41B157-98ED-4E30-9FFD-4348450E936E}.Profile|Mixed Platforms.ActiveCfg = Profile|Win32
		{DD41B157-98ED-4E30-9FFD-4348450E936E}.Profile|Mixed Platforms.Build.0 = Profile|Win32
		{DD41B157-98ED-4E30-9FFD-4348450E936E}.Profile|Win32.ActiveCfg = Profile|Win32
		{DD41B157-98ED-4E30-9FFD-4348450E936E}.Profile|Win32.Build.0 = Profile|Win32
		{DD41B157-98ED-4E30-9FFD-4348450E936E}.Release|Any CPU.ActiveCfg = Release|Win32
		{DD41B157-98ED-4E30-9FFD-4348450E936E}.Release|Mixed Platforms.ActiveCfg = Release|Win32
		{DD41B157-98ED-4E30-9FFD-4348450E936E}.Release|Mixed Platforms.Build.0 = Release|Win32
		{DD41B157-98ED-4E30-9FFD-4348450E936E}.Release|Win32.ActiveCfg = Release|Win32
		{DD41B157-98ED-4E30-9FFD-4348450E936E}.Release|Win32.Build.0 = Release|Win32
		{28C233ED-85DA-4782-A9A1-396573867BA5}.Debug|Any CPU.ActiveCfg = Debug|Win32
		{28C233ED-85DA-4782-A9A1-396573867BA5}.Debug|Mixed Platforms.ActiveCfg = Debug|Win32
		{28C233ED-85DA-4782-A9A1-396573867BA5}.Debug|Mixed Platforms.Build.0 = Debug|Win32
		{28C233ED-85DA-4782-A9A1-396573867BA5}.Debug|Win32.ActiveCfg = Debug|Win32
		{28C233ED-85DA-4782-A9A1-396573867BA5}.Debug|Win32.Build.0 = Debug|Win32
		{28C233ED-85DA-4782-A9A1-396573867BA5}.Profile|Any CPU.ActiveCfg = Profile|Win32
		{28C233ED-85DA-4782-A9A1-396573867BA5}.Profile|Mixed Platforms.ActiveCfg = Profile|Win32
		{28C233ED-85DA-4782-A9A1-396573867BA5}.Profile|Mixed Platforms.Build.0 = Profile|Win32
		{28C233ED-85DA-4782-A9A1-396573867BA5}.Profile|Win32.ActiveCfg = Profile|Win32
		{28C233ED-85DA-4782-A9A1-396573867BA5}.Profile|Win32.Build.0 = Profile|Win32
		{28C233ED-85DA-4782-A9A1-396573867BA5}.Release|Any CPU.ActiveCfg = Release|Win32
		{28C233ED-85DA-4782-A9A1-396573867BA5}.Release|Mixed Platforms.ActiveCfg = Release|Win32
		{28C233ED-85DA-4782-A9A1-396573867BA5}.Release|Mixed Platforms.Build.0 = Release|Win32
		{28C233ED-85DA-4782-A9A1-396573867BA5}.Release|Win32.ActiveCfg = Release|Win32
		{28C233ED-85DA-4782-A9A1-396573867BA5}.Release|Win32.Build.0 = Release|Win32
		{C1A340CF-59B9-4315-BC86-B52C5732770A}.Debug|Any CPU.ActiveCfg = Debug|Win32
		{C1A340CF-59B9-4315-BC86-B52C5732770A}.Debug|Mixed Platforms.ActiveCfg = Debug|Win32
		{C1A340CF-59B9-4315-BC86-B52C5732770A}.Debug|Mixed Platforms.Build.0 = Debug|Win32
		{C1A340CF-59B9-4315-BC86-B52C5732770A}.Debug|Win32.ActiveCfg = Debug|Win32
		{C1A340CF-59B9-4315-BC86-B52C5732770A}.Debug|Win32.Build.0 = Debug|Win32
		{C1A340CF-59B9-4315-BC86-B52C5732770A}.Profile|Any CPU.ActiveCfg = Release|Win32
		{C1A340CF-59B9-4315-BC86-B52C5732770A}.Profile|Mixed Platforms.ActiveCfg = Release|Win32
		{C1A340CF-59B9-4315-BC86-B52C5732770A}.Profile|Mixed Platforms.Build.0 = Release|Win32
		{C1A340CF-59B9-4315-BC86-B52C5732770A}.Profile|Win32.ActiveCfg = Release|Win32
		{C1A340CF-59B9-4315-BC86-B52C5732770A}.Profile|Win32.Build.0 = Release|Win32
		{C1A340CF-59B9-4315-BC86-B52C5732770A}.Release|Any CPU.ActiveCfg = Release|Win32
		{C1A340CF-59B9-4315-BC86-B52C5732770A}.Release|Mixed Platforms.ActiveCfg = Release|Win32
		{C1A340CF-59B9-4315-BC86-B52C5732770A}.Release|Mixed Platforms.Build.0 = Release|Win32
		{C1A340CF-59B9-4315-BC86-B52C5732770A}.Release|Win32.ActiveCfg = Release|Win32
		{C1A340CF-59B9-4315-BC86-B52C5732770A}.Release|Win32.Build.0 = Release|Win32
		{BD6184C1-2714-4539-9E0F-483F768B7FEA}.Debug|Any CPU.ActiveCfg = Debug|Win32
		{BD6184C1-2714-4539-9E0F-483F768B7FEA}.Debug|Mixed Platforms.ActiveCfg = Debug|Win32
		{BD6184C1-2714-4539-9E0F-483F768B7FEA}.Debug|Mixed Platforms.Build.0 = Debug|Win32
		{BD6184C1-2714-4539-9E0F-483F768B7FEA}.Debug|Win32.ActiveCfg = Debug|Win32
		{BD6184C1-2714-4539-9E0F-483F768B7FEA}.Debug|Win32.Build.0 = Debug|Win32
		{BD6184C1-2714-4539-9E0F-483F768B7FEA}.Profile|Any CPU.ActiveCfg = Profile|Win32
		{BD6184C1-2714-4539-9E0F-483F768B7FEA}.Profile|Mixed Platforms.ActiveCfg = Profile|Win32
		{BD6184C1-2714-4539-9E0F-483F768B7FEA}.Profile|Mixed Platforms.Build.0 = Profile|Win32
		{BD6184C1-2714-4539-9E0F-483F768B7FEA}.Profile|Win32.ActiveCfg = Profile|Win32
		{BD6184C1-2714-4539-9E0F-483F768B7FEA}.Profile|Win32.Build.0 = Profile|Win32
		{BD6184C1-2714-4539-9E0F-483F768B7FEA}.Release|Any CPU.ActiveCfg = Release|Win32
		{BD6184C1-2714-4539-9E0F-483F768B7FEA}.Release|Mixed Platforms.ActiveCfg = Release|Win32
		{BD6184C1-2714-4539-9E0F-483F768B7FEA}.Release|Mixed Platforms.Build.0 = Release|Win32
		{BD6184C1-2714-4539-9E0F-483F768B7FEA}.Release|Win32.ActiveCfg = Release|Win32
		{BD6184C1-2714-4539-9E0F-483F768B7FEA}.Release|Win32.Build.0 = Release|Win32
		{5CB8DBA1-F070-4FD9-83C3-47248D3317CF}.Debug|Any CPU.ActiveCfg = Debug|Win32
		{5CB8DBA1-F070-4FD9-83C3-47248D3317CF}.Debug|Mixed Platforms.ActiveCfg = Debug|Win32
		{5CB8DBA1-F070-4FD9-83C3-47248D3317CF}.Debug|Mixed Platforms.Build.0 = Debug|Win32
		{5CB8DBA1-F070-4FD9-83C3-47248D3317CF}.Debug|Win32.ActiveCfg = Debug|Win32
		{5CB8DBA1-F070-4FD9-83C3-47248D3317CF}.Debug|Win32.Build.0 = Debug|Win32
		{5CB8DBA1-F070-4FD9-83C3-47248D3317CF}.Profile|Any CPU.ActiveCfg = Profile|Win32
		{5CB8DBA1-F070-4FD9-83C3-47248D3317CF}.Profile|Mixed Platforms.ActiveCfg = Profile|Win32
		{5CB8DBA1-F070-4FD9-83C3-47248D3317CF}.Profile|Mixed Platforms.Build.0 = Profile|Win32
		{5CB8DBA1-F070-4FD9-83C3-47248D3317CF}.Profile|Win32.ActiveCfg = Profile|Win32
		{5CB8DBA1-F070-4FD9-83C3-47248D3317CF}.Profile|Win32.Build.0 = Profile|Win32
		{5CB8DBA1-F070-4FD9-83C3-47248D3317CF}.Release|Any CPU.ActiveCfg = Release|Win32
		{5CB8DBA1-F070-4FD9-83C3-47248D3317CF}.Release|Mixed Platforms.ActiveCfg = Release|Win32
		{5CB8DBA1-F070-4FD9-83C3-47248D3317CF}.Release|Mixed Platforms.Build.0 = Release|Win32
		{5CB8DBA1-F070-4FD9-83C3-47248D3317CF}.Release|Win32.ActiveCfg = Release|Win32
		{5CB8DBA1-F070-4FD9-83C3-47248D3317CF}.Release|Win32.Build.0 = Release|Win32
		{4D3D78AC-3600-4BF7-8A0F-EFB909576A34}.Debug|Any CPU.ActiveCfg = Debug|Win32
		{4D3D78AC-3600-4BF7-8A0F-EFB909576A34}.Debug|Mixed Platforms.ActiveCfg = Debug|Win32
		{4D3D78AC-3600-4BF7-8A0F-EFB909576A34}.Debug|Mixed Platforms.Build.0 = Debug|Win32
		{4D3D78AC-3600-4BF7-8A0F-EFB909576A34}.Debug|Win32.ActiveCfg = Debug|Win32
		{4D3D78AC-3600-4BF7-8A0F-EFB909576A34}.Debug|Win32.Build.0 = Debug|Win32
		{4D3D78AC-3600-4BF7-8A0F-EFB909576A34}.Profile|Any CPU.ActiveCfg = Profile|Win32
		{4D3D78AC-3600-4BF7-8A0F-EFB909576A34}.Profile|Mixed Platforms.ActiveCfg = Profile|Win32
		{4D3D78AC-3600-4BF7-8A0F-EFB909576A34}.Profile|Mixed Platforms.Build.0 = Profile|Win32
		{4D3D78AC-3600-4BF7-8A0F-EFB909576A34}.Profile|Win32.ActiveCfg = Profile|Win32
		{4D3D78AC-3600-4BF7-8A0F-EFB909576A34}.Profile|Win32.Build.0 = Profile|Win32
		{4D3D78AC-3600-4BF7-8A0F-EFB909576A34}.Release|Any CPU.ActiveCfg = Release|Win32
		{4D3D78AC-3600-4BF7-8A0F-EFB909576A34}.Release|Mixed Platforms.ActiveCfg = Release|Win32
		{4D3D78AC-3600-4BF7-8A0F-EFB909576A34}.Release|Mixed Platforms.Build.0 = Release|Win32
		{4D3D78AC-3600-4BF7-8A0F-EFB909576A34}.Release|Win32.ActiveCfg = Release|Win32
		{4D3D78AC-3600-4BF7-8A0F-EFB909576A34}.Release|Win32.Build.0 = Release|Win32
		{A3619E23-0DEB-42B2-A011-22F18F5F4435}.Debug|Any CPU.ActiveCfg = Debug|Win32
		{A3619E23-0DEB-42B2-A011-22F18F5F4435}.Debug|Mixed Platforms.ActiveCfg = Debug|Win32
		{A3619E23-0DEB-42B2-A011-22F18F5F4435}.Debug|Mixed Platforms.Build.0 = Debug|Win32
		{A3619E23-0DEB-42B2-A011-22F18F5F4435}.Debug|Win32.ActiveCfg = Debug|Win32
		{A3619E23-0DEB-42B2-A011-22F18F5F4435}.Debug|Win32.Build.0 = Debug|Win32
		{A3619E23-0DEB-42B2-A011-22F18F5F4435}.Profile|Any CPU.ActiveCfg = Profile|Win32
		{A3619E23-0DEB-42B2-A011-22F18F5F4435}.Profile|Mixed Platforms.ActiveCfg = Profile|Win32
		{A3619E23-0DEB-42B2-A011-22F18F5F4435}.Profile|Mixed Platforms.Build.0 = Profile|Win32
		{A3619E23-0DEB-42B2-A011-22F18F5F4435}.Profile|Win32.ActiveCfg = Profile|Win32
		{A3619E23-0DEB-42B2-A011-22F18F5F4435}.Profile|Win32.Build.0 = Profile|Win32
		{A3619E23-0DEB-42B2-A011-22F18F5F4435}.Release|Any CPU.ActiveCfg = Release|Win32
		{A3619E23-0DEB-42B2-A011-22F18F5F4435}.Release|Mixed Platforms.ActiveCfg = Release|Win32
		{A3619E23-0DEB-42B2-A011-22F18F5F4435}.Release|Mixed Platforms.Build.0 = Release|Win32
		{A3619E23-0DEB-42B2-A011-22F18F5F4435}.Release|Win32.ActiveCfg = Release|Win32
		{A3619E23-0DEB-42B2-A011-22F18F5F4435}.Release|Win32.Build.0 = Release|Win32
		{E876EE0E-AC17-4903-BDC9-497838AD2591}.Debug|Any CPU.ActiveCfg = Debug|Win32
		{E876EE0E-AC17-4903-BDC9-497838AD2591}.Debug|Mixed Platforms.ActiveCfg = Debug|Win32
		{E876EE0E-AC17-4903-BDC9-497838AD2591}.Debug|Mixed Platforms.Build.0 = Debug|Win32
		{E876EE0E-AC17-4903-BDC9-497838AD2591}.Debug|Win32.ActiveCfg = Debug|Win32
		{E876EE0E-AC17-4903-BDC9-497838AD2591}.Debug|Win32.Build.0 = Debug|Win32
		{E876EE0E-AC17-4903-BDC9-497838AD2591}.Profile|Any CPU.ActiveCfg = Debug|Win32
		{E876EE0E-AC17-4903-BDC9-497838AD2591}.Profile|Mixed Platforms.ActiveCfg = Debug|Win32
		{E876EE0E-AC17-4903-BDC9-497838AD2591}.Profile|Mixed Platforms.Build.0 = Debug|Win32
		{E876EE0E-AC17-4903-BDC9-497838AD2591}.Profile|Win32.ActiveCfg = Debug|Win32
		{E876EE0E-AC17-4903-BDC9-497838AD2591}.Profile|Win32.Build.0 = Debug|Win32
		{E876EE0E-AC17-4903-BDC9-497838AD2591}.Release|Any CPU.ActiveCfg = Release|Win32
		{E876EE0E-AC17-4903-BDC9-497838AD2591}.Release|Mixed Platforms.ActiveCfg = Release|Win32
		{E876EE0E-AC17-4903-BDC9-497838AD2591}.Release|Mixed Platforms.Build.0 = Release|Win32
		{E876EE0E-AC17-4903-BDC9-497838AD2591}.Release|Win32.ActiveCfg = Release|Win32
		{E876EE0E-AC17-4903-BDC9-497838AD2591}.Release|Win32.Build.0 = Release|Win32
		{F9F973F0-5111-4BA1-B8FB-58A56CD6CFE7}.Debug|Any CPU.ActiveCfg = Debug|Win32
		{F9F973F0-5111-4BA1-B8FB-58A56CD6CFE7}.Debug|Mixed Platforms.ActiveCfg = Debug|Win32
		{F9F973F0-5111-4BA1-B8FB-58A56CD6CFE7}.Debug|Mixed Platforms.Build.0 = Debug|Win32
		{F9F973F0-5111-4BA1-B8FB-58A56CD6CFE7}.Debug|Win32.ActiveCfg = Debug|Win32
		{F9F973F0-5111-4BA1-B8FB-58A56CD6CFE7}.Debug|Win32.Build.0 = Debug|Win32
		{F9F973F0-5111-4BA1-B8FB-58A56CD6CFE7}.Profile|Any CPU.ActiveCfg = Debug|Win32
		{F9F973F0-5111-4BA1-B8FB-58A56CD6CFE7}.Profile|Mixed Platforms.ActiveCfg = Debug|Win32
		{F9F973F0-5111-4BA1-B8FB-58A56CD6CFE7}.Profile|Mixed Platforms.Build.0 = Debug|Win32
		{F9F973F0-5111-4BA1-B8FB-58A56CD6CFE7}.Profile|Win32.ActiveCfg = Debug|Win32
		{F9F973F0-5111-4BA1-B8FB-58A56CD6CFE7}.Profile|Win32.Build.0 = Debug|Win32
		{F9F973F0-5111-4BA1-B8FB-58A56CD6CFE7}.Release|Any CPU.ActiveCfg = Release|Win32
		{F9F973F0-5111-4BA1-B8FB-58A56CD6CFE7}.Release|Mixed Platforms.ActiveCfg = Release|Win32
		{F9F973F0-5111-4BA1-B8FB-58A56CD6CFE7}.Release|Mixed Platforms.Build.0 = Release|Win32
		{F9F973F0-5111-4BA1-B8FB-58A56CD6CFE7}.Release|Win32.ActiveCfg = Release|Win32
		{F9F973F0-5111-4BA1-B8FB-58A56CD6CFE7}.Release|Win32.Build.0 = Release|Win32
		{172C91EC-5348-4C88-A1D2-72B49AF065D1}.Debug|Any CPU.ActiveCfg = Debug|Win32
		{172C91EC-5348-4C88-A1D2-72B49AF065D1}.Debug|Mixed Platforms.ActiveCfg = Debug|Win32
		{172C91EC-5348-4C88-A1D2-72B49AF065D1}.Debug|Mixed Platforms.Build.0 = Debug|Win32
		{172C91EC-5348-4C88-A1D2-72B49AF065D1}.Debug|Win32.ActiveCfg = Debug|Win32
		{172C91EC-5348-4C88-A1D2-72B49AF065D1}.Debug|Win32.Build.0 = Debug|Win32
		{172C91EC-5348-4C88-A1D2-72B49AF065D1}.Profile|Any CPU.ActiveCfg = Profile|Win32
		{172C91EC-5348-4C88-A1D2-72B49AF065D1}.Profile|Mixed Platforms.ActiveCfg = Profile|Win32
		{172C91EC-5348-4C88-A1D2-72B49AF065D1}.Profile|Mixed Platforms.Build.0 = Profile|Win32
		{172C91EC-5348-4C88-A1D2-72B49AF065D1}.Profile|Win32.ActiveCfg = Profile|Win32
		{172C91EC-5348-4C88-A1D2-72B49AF065D1}.Profile|Win32.Build.0 = Profile|Win32
		{172C91EC-5348-4C88-A1D2-72B49AF065D1}.Release|Any CPU.ActiveCfg = Release|Win32
		{172C91EC-5348-4C88-A1D2-72B49AF065D1}.Release|Mixed Platforms.ActiveCfg = Release|Win32
		{172C91EC-5348-4C88-A1D2-72B49AF065D1}.Release|Mixed Platforms.Build.0 = Release|Win32
		{172C91EC-5348-4C88-A1D2-72B49AF065D1}.Release|Win32.ActiveCfg = Release|Win32
		{172C91EC-5348-4C88-A1D2-72B49AF065D1}.Release|Win32.Build.0 = Release|Win32
		{5B8304EB-D359-413C-8DEF-603D08CE31A4}.Debug|Any CPU.ActiveCfg = Debug|Win32
		{5B8304EB-D359-413C-8DEF-603D08CE31A4}.Debug|Mixed Platforms.ActiveCfg = Debug|Win32
		{5B8304EB-D359-413C-8DEF-603D08CE31A4}.Debug|Mixed Platforms.Build.0 = Debug|Win32
		{5B8304EB-D359-413C-8DEF-603D08CE31A4}.Debug|Win32.ActiveCfg = Debug|Win32
		{5B8304EB-D359-413C-8DEF-603D08CE31A4}.Debug|Win32.Build.0 = Debug|Win32
		{5B8304EB-D359-413C-8DEF-603D08CE31A4}.Profile|Any CPU.ActiveCfg = Debug|Win32
		{5B8304EB-D359-413C-8DEF-603D08CE31A4}.Profile|Mixed Platforms.ActiveCfg = Debug|Win32
		{5B8304EB-D359-413C-8DEF-603D08CE31A4}.Profile|Mixed Platforms.Build.0 = Debug|Win32
		{5B8304EB-D359-413C-8DEF-603D08CE31A4}.Profile|Win32.ActiveCfg = Debug|Win32
		{5B8304EB-D359-413C-8DEF-603D08CE31A4}.Profile|Win32.Build.0 = Debug|Win32
		{5B8304EB-D359-413C-8DEF-603D08CE31A4}.Release|Any CPU.ActiveCfg = Release|Win32
		{5B8304EB-D359-413C-8DEF-603D08CE31A4}.Release|Mixed Platforms.ActiveCfg = Release|Win32
		{5B8304EB-D359-413C-8DEF-603D08CE31A4}.Release|Mixed Platforms.Build.0 = Release|Win32
		{5B8304EB-D359-413C-8DEF-603D08CE31A4}.Release|Win32.ActiveCfg = Release|Win32
		{5B8304EB-D359-413C-8DEF-603D08CE31A4}.Release|Win32.Build.0 = Release|Win32
	EndGlobalSection
	GlobalSection(SolutionProperties) = preSolution
		HideSolutionNode = FALSE
	EndGlobalSection
EndGlobal
