
Microsoft Visual Studio Solution File, Format Version 9.00
# Visual Studio 2005
Project("{FAE04EC0-301F-11D3-BF4B-00C04F79EFBC}") = "ExamplesFromANA", "ExamplesFromANA.csproj", "{EBE20E75-987D-4FE9-ADF0-D0E7ED700E4A}"
	ProjectSection(WebsiteProperties) = preProject
		Debug.AspNetCompiler.Debug = "True"
		Release.AspNetCompiler.Debug = "False"
	EndProjectSection
EndProject
Project("{54435603-DBB4-11D2-8724-00A0C9A8B90C}") = "Setup AnaTextExamples", "Setup AnaTextExamples\Setup AnaTextExamples.vdproj", "{218B0004-0622-417A-ABEE-324321A759AB}"
	ProjectSection(WebsiteProperties) = preProject
		Debug.AspNetCompiler.Debug = "True"
		Release.AspNetCompiler.Debug = "False"
	EndProjectSection
EndProject
Global
	GlobalSection(SolutionConfigurationPlatforms) = preSolution
		Debug|Any CPU = Debug|Any CPU
		Release|Any CPU = Release|Any CPU
	EndGlobalSection
	GlobalSection(ProjectConfigurationPlatforms) = postSolution
		{EBE20E75-987D-4FE9-ADF0-D0E7ED700E4A}.Debug|Any CPU.ActiveCfg = Debug|Any CPU
		{EBE20E75-987D-4FE9-ADF0-D0E7ED700E4A}.Debug|Any CPU.Build.0 = Debug|Any CPU
		{EBE20E75-987D-4FE9-ADF0-D0E7ED700E4A}.Release|Any CPU.ActiveCfg = Release|Any CPU
		{EBE20E75-987D-4FE9-ADF0-D0E7ED700E4A}.Release|Any CPU.Build.0 = Release|Any CPU
		{218B0004-0622-417A-ABEE-324321A759AB}.Debug|Any CPU.ActiveCfg = Debug
		{218B0004-0622-417A-ABEE-324321A759AB}.Release|Any CPU.ActiveCfg = Release
	EndGlobalSection
	GlobalSection(SolutionProperties) = preSolution
		HideSolutionNode = FALSE
	EndGlobalSection
EndGlobal
