
Microsoft Visual Studio Solution File, Format Version 12.00
# Visual Studio Version 16
VisualStudioVersion = 16.0.32901.82
MinimumVisualStudioVersion = 10.0.40219.1
Project("{8BC9CEB8-8B4A-11D0-8D11-00A0C91BC942}") = "ToneGLib", "TonePGLib\ToneGLib.vcxproj", "{47E95D92-3DA4-4D56-978B-95F57A42DB8E}"
EndProject
Project("{8BC9CEB8-8B4A-11D0-8D11-00A0C91BC942}") = "ToneGen", "ToneGen\ToneGen.vcxproj", "{E2A13111-5225-40F8-99A0-17CFDF3922DF}"
EndProject
Project("{8BC9CEB8-8B4A-11D0-8D11-00A0C91BC942}") = "TonePLib", "TonePGLib\TonePLib.vcxproj", "{904A0414-21D7-4B3A-9511-F4C7F1752B55}"
EndProject
Project("{8BC9CEB8-8B4A-11D0-8D11-00A0C91BC942}") = "TonePars", "TonePars\TonePars.vcxproj", "{E2D7E261-B531-4B56-A4C9-1C7C2925D18E}"
EndProject
Project("{8BC9CEB8-8B4A-11D0-8D11-00A0C91BC942}") = "XAmpleTestDll", "ample\XAmpleTestDll.vcxproj", "{A8DB4A0D-7642-4DAC-9DD6-A0746E5EB281}"
EndProject
Project("{8BC9CEB8-8B4A-11D0-8D11-00A0C91BC942}") = "ample", "ample\Ample.vcxproj", "{172C91EC-5348-4C88-A1D2-72B49AF065D1}"
EndProject
Project("{8BC9CEB8-8B4A-11D0-8D11-00A0C91BC942}") = "ampledll", "ample\Ampledll.vcxproj", "{F9F973F0-5111-4BA1-B8FB-58A56CD6CFE7}"
EndProject
Project("{8BC9CEB8-8B4A-11D0-8D11-00A0C91BC942}") = "amplelib", "ample\Amplelib.vcxproj", "{DD41B157-98ED-4E30-9FFD-4348450E936E}"
EndProject
Project("{8BC9CEB8-8B4A-11D0-8D11-00A0C91BC942}") = "anadiff", "anadiff\Anadiff.vcxproj", "{35959293-750C-40CB-8B60-7ABE4557E619}"
EndProject
Project("{8BC9CEB8-8B4A-11D0-8D11-00A0C91BC942}") = "cmdlib", "cmdlib\Cmdlib.vcxproj", "{A3619E23-0DEB-42B2-A011-22F18F5F4435}"
EndProject
Project("{8BC9CEB8-8B4A-11D0-8D11-00A0C91BC942}") = "cportlib", "cportlib\Cportlib.vcxproj", "{D27ABE31-3EBC-4686-963D-5AFE7A10EFDB}"
EndProject
Project("{8BC9CEB8-8B4A-11D0-8D11-00A0C91BC942}") = "intergen", "intergen\Intergen.vcxproj", "{61C48469-C0D5-4244-8A65-D38286536F5E}"
EndProject
Project("{8BC9CEB8-8B4A-11D0-8D11-00A0C91BC942}") = "kimmolib", "pckimmo\Kimmolib.vcxproj", "{9B3D3488-8612-432E-9A7A-8E729AC07EAF}"
EndProject
Project("{8BC9CEB8-8B4A-11D0-8D11-00A0C91BC942}") = "ktagger", "ktagger\Ktagger.vcxproj", "{18329A05-93F1-489A-8FE1-94766DAF502D}"
EndProject
Project("{8BC9CEB8-8B4A-11D0-8D11-00A0C91BC942}") = "ktext", "ktext\Ktext.vcxproj", "{EDFBC1A4-0303-4F3F-A65B-F5E0AAA34767}"
EndProject
Project("{8BC9CEB8-8B4A-11D0-8D11-00A0C91BC942}") = "llample", "ample\Llample.vcxproj", "{824A744B-9542-4531-93EA-081E0C2DA01F}"
EndProject
Project("{8BC9CEB8-8B4A-11D0-8D11-00A0C91BC942}") = "opaclib", "opaclib\Opaclib.vcxproj", "{28C233ED-85DA-4782-A9A1-396573867BA5}"
EndProject
Project("{8BC9CEB8-8B4A-11D0-8D11-00A0C91BC942}") = "patr100", "pcpatr\Patr100.vcxproj", "{2E9517F1-8862-4FB2-A315-83BD68A51BB6}"
EndProject
Project("{8BC9CEB8-8B4A-11D0-8D11-00A0C91BC942}") = "patrlib", "pcpatr\Patrlib.vcxproj", "{5CB8DBA1-F070-4FD9-83C3-47248D3317CF}"
EndProject
Project("{8BC9CEB8-8B4A-11D0-8D11-00A0C91BC942}") = "pckimmo", "pckimmo\Pckimmo.vcxproj", "{4D3D78AC-3600-4BF7-8A0F-EFB909576A34}"
EndProject
Project("{8BC9CEB8-8B4A-11D0-8D11-00A0C91BC942}") = "pcpatr", "pcpatr\Pcpatr.vcxproj", "{FA05BFE1-7467-4574-936F-7BBCDF46D7A0}"
EndProject
Project("{8BC9CEB8-8B4A-11D0-8D11-00A0C91BC942}") = "stamp", "stamp\Stamp.vcxproj", "{BD6184C1-2714-4539-9E0F-483F768B7FEA}"
EndProject
Project("{8BC9CEB8-8B4A-11D0-8D11-00A0C91BC942}") = "stamplib", "stamp\Stamplib.vcxproj", "{A70346ED-80B3-433C-A856-08C44D6854C8}"
EndProject
Project("{8BC9CEB8-8B4A-11D0-8D11-00A0C91BC942}") = "testdll", "ample\Testdll.vcxproj", "{E876EE0E-AC17-4903-BDC9-497838AD2591}"
EndProject
Project("{8BC9CEB8-8B4A-11D0-8D11-00A0C91BC942}") = "wllample", "ample\Wllample.vcxproj", "{23FC1E32-F3C1-4C9D-88F5-80DFE9FAAAC9}"
EndProject
Project("{8BC9CEB8-8B4A-11D0-8D11-00A0C91BC942}") = "xample", "ample\Xample.vcxproj", "{1301CBB1-AE4E-4128-9136-8944A96E07F1}"
EndProject
Project("{8BC9CEB8-8B4A-11D0-8D11-00A0C91BC942}") = "xampledll", "ample\XAmpledll.vcxproj", "{38BB3D8C-3497-4CEA-AF3D-8CD80A472EBD}"
EndProject
Project("{8BC9CEB8-8B4A-11D0-8D11-00A0C91BC942}") = "xamplelib", "ample\XAmplelib.vcxproj", "{899605AF-94B8-4A15-83B6-CFC11C66FE34}"
EndProject
Global
	GlobalSection(SolutionConfigurationPlatforms) = preSolution
		Debug|x64 = Debug|x64
		Debug|x86 = Debug|x86
		Profile|x64 = Profile|x64
		Profile|x86 = Profile|x86
		Release|x64 = Release|x64
		Release|x86 = Release|x86
		Template|x64 = Template|x64
		Template|x86 = Template|x86
	EndGlobalSection
	GlobalSection(ProjectConfigurationPlatforms) = postSolution
		{47E95D92-3DA4-4D56-978B-95F57A42DB8E}.Debug|x64.ActiveCfg = Debug|Win32
		{47E95D92-3DA4-4D56-978B-95F57A42DB8E}.Debug|x86.ActiveCfg = Debug|Win32
		{47E95D92-3DA4-4D56-978B-95F57A42DB8E}.Debug|x86.Build.0 = Debug|Win32
		{47E95D92-3DA4-4D56-978B-95F57A42DB8E}.Profile|x64.ActiveCfg = Debug|Win32
		{47E95D92-3DA4-4D56-978B-95F57A42DB8E}.Profile|x64.Build.0 = Debug|Win32
		{47E95D92-3DA4-4D56-978B-95F57A42DB8E}.Profile|x86.ActiveCfg = Debug|Win32
		{47E95D92-3DA4-4D56-978B-95F57A42DB8E}.Profile|x86.Build.0 = Debug|Win32
		{47E95D92-3DA4-4D56-978B-95F57A42DB8E}.Release|x64.ActiveCfg = Release|Win32
		{47E95D92-3DA4-4D56-978B-95F57A42DB8E}.Release|x86.ActiveCfg = Release|Win32
		{47E95D92-3DA4-4D56-978B-95F57A42DB8E}.Release|x86.Build.0 = Release|Win32
		{47E95D92-3DA4-4D56-978B-95F57A42DB8E}.Template|x64.ActiveCfg = Debug|Win32
		{47E95D92-3DA4-4D56-978B-95F57A42DB8E}.Template|x64.Build.0 = Debug|Win32
		{47E95D92-3DA4-4D56-978B-95F57A42DB8E}.Template|x86.ActiveCfg = Debug|Win32
		{47E95D92-3DA4-4D56-978B-95F57A42DB8E}.Template|x86.Build.0 = Debug|Win32
		{E2A13111-5225-40F8-99A0-17CFDF3922DF}.Debug|x64.ActiveCfg = Debug|Win32
		{E2A13111-5225-40F8-99A0-17CFDF3922DF}.Debug|x86.ActiveCfg = Debug|Win32
		{E2A13111-5225-40F8-99A0-17CFDF3922DF}.Debug|x86.Build.0 = Debug|Win32
		{E2A13111-5225-40F8-99A0-17CFDF3922DF}.Profile|x64.ActiveCfg = Debug|Win32
		{E2A13111-5225-40F8-99A0-17CFDF3922DF}.Profile|x64.Build.0 = Debug|Win32
		{E2A13111-5225-40F8-99A0-17CFDF3922DF}.Profile|x86.ActiveCfg = Debug|Win32
		{E2A13111-5225-40F8-99A0-17CFDF3922DF}.Profile|x86.Build.0 = Debug|Win32
		{E2A13111-5225-40F8-99A0-17CFDF3922DF}.Release|x64.ActiveCfg = Release|Win32
		{E2A13111-5225-40F8-99A0-17CFDF3922DF}.Release|x86.ActiveCfg = Release|Win32
		{E2A13111-5225-40F8-99A0-17CFDF3922DF}.Release|x86.Build.0 = Release|Win32
		{E2A13111-5225-40F8-99A0-17CFDF3922DF}.Template|x64.ActiveCfg = Template|Win32
		{E2A13111-5225-40F8-99A0-17CFDF3922DF}.Template|x86.ActiveCfg = Template|Win32
		{E2A13111-5225-40F8-99A0-17CFDF3922DF}.Template|x86.Build.0 = Template|Win32
		{904A0414-21D7-4B3A-9511-F4C7F1752B55}.Debug|x64.ActiveCfg = Debug|Win32
		{904A0414-21D7-4B3A-9511-F4C7F1752B55}.Debug|x86.ActiveCfg = Debug|Win32
		{904A0414-21D7-4B3A-9511-F4C7F1752B55}.Debug|x86.Build.0 = Debug|Win32
		{904A0414-21D7-4B3A-9511-F4C7F1752B55}.Profile|x64.ActiveCfg = Debug|Win32
		{904A0414-21D7-4B3A-9511-F4C7F1752B55}.Profile|x64.Build.0 = Debug|Win32
		{904A0414-21D7-4B3A-9511-F4C7F1752B55}.Profile|x86.ActiveCfg = Debug|Win32
		{904A0414-21D7-4B3A-9511-F4C7F1752B55}.Profile|x86.Build.0 = Debug|Win32
		{904A0414-21D7-4B3A-9511-F4C7F1752B55}.Release|x64.ActiveCfg = Release|Win32
		{904A0414-21D7-4B3A-9511-F4C7F1752B55}.Release|x86.ActiveCfg = Release|Win32
		{904A0414-21D7-4B3A-9511-F4C7F1752B55}.Release|x86.Build.0 = Release|Win32
		{904A0414-21D7-4B3A-9511-F4C7F1752B55}.Template|x64.ActiveCfg = Template|Win32
		{904A0414-21D7-4B3A-9511-F4C7F1752B55}.Template|x86.ActiveCfg = Template|Win32
		{904A0414-21D7-4B3A-9511-F4C7F1752B55}.Template|x86.Build.0 = Template|Win32
		{E2D7E261-B531-4B56-A4C9-1C7C2925D18E}.Debug|x64.ActiveCfg = Debug|Win32
		{E2D7E261-B531-4B56-A4C9-1C7C2925D18E}.Debug|x86.ActiveCfg = Debug|Win32
		{E2D7E261-B531-4B56-A4C9-1C7C2925D18E}.Debug|x86.Build.0 = Debug|Win32
		{E2D7E261-B531-4B56-A4C9-1C7C2925D18E}.Profile|x64.ActiveCfg = Debug|Win32
		{E2D7E261-B531-4B56-A4C9-1C7C2925D18E}.Profile|x64.Build.0 = Debug|Win32
		{E2D7E261-B531-4B56-A4C9-1C7C2925D18E}.Profile|x86.ActiveCfg = Debug|Win32
		{E2D7E261-B531-4B56-A4C9-1C7C2925D18E}.Profile|x86.Build.0 = Debug|Win32
		{E2D7E261-B531-4B56-A4C9-1C7C2925D18E}.Release|x64.ActiveCfg = Release|Win32
		{E2D7E261-B531-4B56-A4C9-1C7C2925D18E}.Release|x86.ActiveCfg = Release|Win32
		{E2D7E261-B531-4B56-A4C9-1C7C2925D18E}.Release|x86.Build.0 = Release|Win32
		{E2D7E261-B531-4B56-A4C9-1C7C2925D18E}.Template|x64.ActiveCfg = Template|Win32
		{E2D7E261-B531-4B56-A4C9-1C7C2925D18E}.Template|x86.ActiveCfg = Template|Win32
		{E2D7E261-B531-4B56-A4C9-1C7C2925D18E}.Template|x86.Build.0 = Template|Win32
		{A8DB4A0D-7642-4DAC-9DD6-A0746E5EB281}.Debug|x64.ActiveCfg = Debug|x64
		{A8DB4A0D-7642-4DAC-9DD6-A0746E5EB281}.Debug|x64.Build.0 = Debug|x64
		{A8DB4A0D-7642-4DAC-9DD6-A0746E5EB281}.Debug|x86.ActiveCfg = Debug|Win32
		{A8DB4A0D-7642-4DAC-9DD6-A0746E5EB281}.Debug|x86.Build.0 = Debug|Win32
		{A8DB4A0D-7642-4DAC-9DD6-A0746E5EB281}.Profile|x64.ActiveCfg = Debug|x64
		{A8DB4A0D-7642-4DAC-9DD6-A0746E5EB281}.Profile|x64.Build.0 = Debug|x64
		{A8DB4A0D-7642-4DAC-9DD6-A0746E5EB281}.Profile|x86.ActiveCfg = Debug|Win32
		{A8DB4A0D-7642-4DAC-9DD6-A0746E5EB281}.Profile|x86.Build.0 = Debug|Win32
		{A8DB4A0D-7642-4DAC-9DD6-A0746E5EB281}.Release|x64.ActiveCfg = Release|x64
		{A8DB4A0D-7642-4DAC-9DD6-A0746E5EB281}.Release|x64.Build.0 = Release|x64
		{A8DB4A0D-7642-4DAC-9DD6-A0746E5EB281}.Release|x86.ActiveCfg = Release|Win32
		{A8DB4A0D-7642-4DAC-9DD6-A0746E5EB281}.Release|x86.Build.0 = Release|Win32
		{A8DB4A0D-7642-4DAC-9DD6-A0746E5EB281}.Template|x64.ActiveCfg = Debug|x64
		{A8DB4A0D-7642-4DAC-9DD6-A0746E5EB281}.Template|x64.Build.0 = Debug|x64
		{A8DB4A0D-7642-4DAC-9DD6-A0746E5EB281}.Template|x86.ActiveCfg = Debug|Win32
		{A8DB4A0D-7642-4DAC-9DD6-A0746E5EB281}.Template|x86.Build.0 = Debug|Win32
		{172C91EC-5348-4C88-A1D2-72B49AF065D1}.Debug|x64.ActiveCfg = Debug|x64
		{172C91EC-5348-4C88-A1D2-72B49AF065D1}.Debug|x64.Build.0 = Debug|x64
		{172C91EC-5348-4C88-A1D2-72B49AF065D1}.Debug|x86.ActiveCfg = Debug|Win32
		{172C91EC-5348-4C88-A1D2-72B49AF065D1}.Debug|x86.Build.0 = Debug|Win32
		{172C91EC-5348-4C88-A1D2-72B49AF065D1}.Profile|x64.ActiveCfg = Profile|x64
		{172C91EC-5348-4C88-A1D2-72B49AF065D1}.Profile|x64.Build.0 = Profile|x64
		{172C91EC-5348-4C88-A1D2-72B49AF065D1}.Profile|x86.ActiveCfg = Profile|Win32
		{172C91EC-5348-4C88-A1D2-72B49AF065D1}.Profile|x86.Build.0 = Profile|Win32
		{172C91EC-5348-4C88-A1D2-72B49AF065D1}.Release|x64.ActiveCfg = Release|x64
		{172C91EC-5348-4C88-A1D2-72B49AF065D1}.Release|x64.Build.0 = Release|x64
		{172C91EC-5348-4C88-A1D2-72B49AF065D1}.Release|x86.ActiveCfg = Release|Win32
		{172C91EC-5348-4C88-A1D2-72B49AF065D1}.Release|x86.Build.0 = Release|Win32
		{172C91EC-5348-4C88-A1D2-72B49AF065D1}.Template|x64.ActiveCfg = Profile|x64
		{172C91EC-5348-4C88-A1D2-72B49AF065D1}.Template|x64.Build.0 = Profile|x64
		{172C91EC-5348-4C88-A1D2-72B49AF065D1}.Template|x86.ActiveCfg = Debug|Win32
		{172C91EC-5348-4C88-A1D2-72B49AF065D1}.Template|x86.Build.0 = Debug|Win32
		{F9F973F0-5111-4BA1-B8FB-58A56CD6CFE7}.Debug|x64.ActiveCfg = Debug|x64
		{F9F973F0-5111-4BA1-B8FB-58A56CD6CFE7}.Debug|x64.Build.0 = Debug|x64
		{F9F973F0-5111-4BA1-B8FB-58A56CD6CFE7}.Debug|x86.ActiveCfg = Debug|Win32
		{F9F973F0-5111-4BA1-B8FB-58A56CD6CFE7}.Debug|x86.Build.0 = Debug|Win32
		{F9F973F0-5111-4BA1-B8FB-58A56CD6CFE7}.Profile|x64.ActiveCfg = Debug|x64
		{F9F973F0-5111-4BA1-B8FB-58A56CD6CFE7}.Profile|x64.Build.0 = Debug|x64
		{F9F973F0-5111-4BA1-B8FB-58A56CD6CFE7}.Profile|x86.ActiveCfg = Debug|Win32
		{F9F973F0-5111-4BA1-B8FB-58A56CD6CFE7}.Profile|x86.Build.0 = Debug|Win32
		{F9F973F0-5111-4BA1-B8FB-58A56CD6CFE7}.Release|x64.ActiveCfg = Release|x64
		{F9F973F0-5111-4BA1-B8FB-58A56CD6CFE7}.Release|x64.Build.0 = Release|x64
		{F9F973F0-5111-4BA1-B8FB-58A56CD6CFE7}.Release|x86.ActiveCfg = Release|Win32
		{F9F973F0-5111-4BA1-B8FB-58A56CD6CFE7}.Release|x86.Build.0 = Release|Win32
		{F9F973F0-5111-4BA1-B8FB-58A56CD6CFE7}.Template|x64.ActiveCfg = Debug|x64
		{F9F973F0-5111-4BA1-B8FB-58A56CD6CFE7}.Template|x64.Build.0 = Debug|x64
		{F9F973F0-5111-4BA1-B8FB-58A56CD6CFE7}.Template|x86.ActiveCfg = Debug|Win32
		{F9F973F0-5111-4BA1-B8FB-58A56CD6CFE7}.Template|x86.Build.0 = Debug|Win32
		{DD41B157-98ED-4E30-9FFD-4348450E936E}.Debug|x64.ActiveCfg = Debug|x64
		{DD41B157-98ED-4E30-9FFD-4348450E936E}.Debug|x64.Build.0 = Debug|x64
		{DD41B157-98ED-4E30-9FFD-4348450E936E}.Debug|x86.ActiveCfg = Debug|Win32
		{DD41B157-98ED-4E30-9FFD-4348450E936E}.Debug|x86.Build.0 = Debug|Win32
		{DD41B157-98ED-4E30-9FFD-4348450E936E}.Profile|x64.ActiveCfg = Profile|x64
		{DD41B157-98ED-4E30-9FFD-4348450E936E}.Profile|x64.Build.0 = Profile|x64
		{DD41B157-98ED-4E30-9FFD-4348450E936E}.Profile|x86.ActiveCfg = Profile|Win32
		{DD41B157-98ED-4E30-9FFD-4348450E936E}.Profile|x86.Build.0 = Profile|Win32
		{DD41B157-98ED-4E30-9FFD-4348450E936E}.Release|x64.ActiveCfg = Release|x64
		{DD41B157-98ED-4E30-9FFD-4348450E936E}.Release|x64.Build.0 = Release|x64
		{DD41B157-98ED-4E30-9FFD-4348450E936E}.Release|x86.ActiveCfg = Release|Win32
		{DD41B157-98ED-4E30-9FFD-4348450E936E}.Release|x86.Build.0 = Release|Win32
		{DD41B157-98ED-4E30-9FFD-4348450E936E}.Template|x64.ActiveCfg = Profile|x64
		{DD41B157-98ED-4E30-9FFD-4348450E936E}.Template|x64.Build.0 = Profile|x64
		{DD41B157-98ED-4E30-9FFD-4348450E936E}.Template|x86.ActiveCfg = Debug|Win32
		{DD41B157-98ED-4E30-9FFD-4348450E936E}.Template|x86.Build.0 = Debug|Win32
		{35959293-750C-40CB-8B60-7ABE4557E619}.Debug|x64.ActiveCfg = Debug|x64
		{35959293-750C-40CB-8B60-7ABE4557E619}.Debug|x64.Build.0 = Debug|x64
		{35959293-750C-40CB-8B60-7ABE4557E619}.Debug|x86.ActiveCfg = Debug|Win32
		{35959293-750C-40CB-8B60-7ABE4557E619}.Debug|x86.Build.0 = Debug|Win32
		{35959293-750C-40CB-8B60-7ABE4557E619}.Profile|x64.ActiveCfg = Profile|x64
		{35959293-750C-40CB-8B60-7ABE4557E619}.Profile|x64.Build.0 = Profile|x64
		{35959293-750C-40CB-8B60-7ABE4557E619}.Profile|x86.ActiveCfg = Profile|Win32
		{35959293-750C-40CB-8B60-7ABE4557E619}.Profile|x86.Build.0 = Profile|Win32
		{35959293-750C-40CB-8B60-7ABE4557E619}.Release|x64.ActiveCfg = Release|x64
		{35959293-750C-40CB-8B60-7ABE4557E619}.Release|x64.Build.0 = Release|x64
		{35959293-750C-40CB-8B60-7ABE4557E619}.Release|x86.ActiveCfg = Release|Win32
		{35959293-750C-40CB-8B60-7ABE4557E619}.Release|x86.Build.0 = Release|Win32
		{35959293-750C-40CB-8B60-7ABE4557E619}.Template|x64.ActiveCfg = Profile|x64
		{35959293-750C-40CB-8B60-7ABE4557E619}.Template|x64.Build.0 = Profile|x64
		{35959293-750C-40CB-8B60-7ABE4557E619}.Template|x86.ActiveCfg = Debug|Win32
		{35959293-750C-40CB-8B60-7ABE4557E619}.Template|x86.Build.0 = Debug|Win32
		{A3619E23-0DEB-42B2-A011-22F18F5F4435}.Debug|x64.ActiveCfg = Debug|x64
		{A3619E23-0DEB-42B2-A011-22F18F5F4435}.Debug|x64.Build.0 = Debug|x64
		{A3619E23-0DEB-42B2-A011-22F18F5F4435}.Debug|x86.ActiveCfg = Debug|Win32
		{A3619E23-0DEB-42B2-A011-22F18F5F4435}.Debug|x86.Build.0 = Debug|Win32
		{A3619E23-0DEB-42B2-A011-22F18F5F4435}.Profile|x64.ActiveCfg = Profile|x64
		{A3619E23-0DEB-42B2-A011-22F18F5F4435}.Profile|x64.Build.0 = Profile|x64
		{A3619E23-0DEB-42B2-A011-22F18F5F4435}.Profile|x86.ActiveCfg = Profile|Win32
		{A3619E23-0DEB-42B2-A011-22F18F5F4435}.Profile|x86.Build.0 = Profile|Win32
		{A3619E23-0DEB-42B2-A011-22F18F5F4435}.Release|x64.ActiveCfg = Release|x64
		{A3619E23-0DEB-42B2-A011-22F18F5F4435}.Release|x64.Build.0 = Release|x64
		{A3619E23-0DEB-42B2-A011-22F18F5F4435}.Release|x86.ActiveCfg = Release|Win32
		{A3619E23-0DEB-42B2-A011-22F18F5F4435}.Release|x86.Build.0 = Release|Win32
		{A3619E23-0DEB-42B2-A011-22F18F5F4435}.Template|x64.ActiveCfg = Profile|x64
		{A3619E23-0DEB-42B2-A011-22F18F5F4435}.Template|x64.Build.0 = Profile|x64
		{A3619E23-0DEB-42B2-A011-22F18F5F4435}.Template|x86.ActiveCfg = Debug|Win32
		{A3619E23-0DEB-42B2-A011-22F18F5F4435}.Template|x86.Build.0 = Debug|Win32
		{D27ABE31-3EBC-4686-963D-5AFE7A10EFDB}.Debug|x64.ActiveCfg = Debug|x64
		{D27ABE31-3EBC-4686-963D-5AFE7A10EFDB}.Debug|x64.Build.0 = Debug|x64
		{D27ABE31-3EBC-4686-963D-5AFE7A10EFDB}.Debug|x86.ActiveCfg = Debug|Win32
		{D27ABE31-3EBC-4686-963D-5AFE7A10EFDB}.Debug|x86.Build.0 = Debug|Win32
		{D27ABE31-3EBC-4686-963D-5AFE7A10EFDB}.Profile|x64.ActiveCfg = Profile|x64
		{D27ABE31-3EBC-4686-963D-5AFE7A10EFDB}.Profile|x64.Build.0 = Profile|x64
		{D27ABE31-3EBC-4686-963D-5AFE7A10EFDB}.Profile|x86.ActiveCfg = Profile|Win32
		{D27ABE31-3EBC-4686-963D-5AFE7A10EFDB}.Profile|x86.Build.0 = Profile|Win32
		{D27ABE31-3EBC-4686-963D-5AFE7A10EFDB}.Release|x64.ActiveCfg = Release|x64
		{D27ABE31-3EBC-4686-963D-5AFE7A10EFDB}.Release|x64.Build.0 = Release|x64
		{D27ABE31-3EBC-4686-963D-5AFE7A10EFDB}.Release|x86.ActiveCfg = Release|Win32
		{D27ABE31-3EBC-4686-963D-5AFE7A10EFDB}.Release|x86.Build.0 = Release|Win32
		{D27ABE31-3EBC-4686-963D-5AFE7A10EFDB}.Template|x64.ActiveCfg = Profile|x64
		{D27ABE31-3EBC-4686-963D-5AFE7A10EFDB}.Template|x64.Build.0 = Profile|x64
		{D27ABE31-3EBC-4686-963D-5AFE7A10EFDB}.Template|x86.ActiveCfg = Debug|Win32
		{D27ABE31-3EBC-4686-963D-5AFE7A10EFDB}.Template|x86.Build.0 = Debug|Win32
		{61C48469-C0D5-4244-8A65-D38286536F5E}.Debug|x64.ActiveCfg = Debug|x64
		{61C48469-C0D5-4244-8A65-D38286536F5E}.Debug|x64.Build.0 = Debug|x64
		{61C48469-C0D5-4244-8A65-D38286536F5E}.Debug|x86.ActiveCfg = Debug|Win32
		{61C48469-C0D5-4244-8A65-D38286536F5E}.Debug|x86.Build.0 = Debug|Win32
		{61C48469-C0D5-4244-8A65-D38286536F5E}.Profile|x64.ActiveCfg = Profile|x64
		{61C48469-C0D5-4244-8A65-D38286536F5E}.Profile|x64.Build.0 = Profile|x64
		{61C48469-C0D5-4244-8A65-D38286536F5E}.Profile|x86.ActiveCfg = Profile|Win32
		{61C48469-C0D5-4244-8A65-D38286536F5E}.Profile|x86.Build.0 = Profile|Win32
		{61C48469-C0D5-4244-8A65-D38286536F5E}.Release|x64.ActiveCfg = Release|x64
		{61C48469-C0D5-4244-8A65-D38286536F5E}.Release|x64.Build.0 = Release|x64
		{61C48469-C0D5-4244-8A65-D38286536F5E}.Release|x86.ActiveCfg = Release|Win32
		{61C48469-C0D5-4244-8A65-D38286536F5E}.Release|x86.Build.0 = Release|Win32
		{61C48469-C0D5-4244-8A65-D38286536F5E}.Template|x64.ActiveCfg = Profile|x64
		{61C48469-C0D5-4244-8A65-D38286536F5E}.Template|x64.Build.0 = Profile|x64
		{61C48469-C0D5-4244-8A65-D38286536F5E}.Template|x86.ActiveCfg = Debug|Win32
		{61C48469-C0D5-4244-8A65-D38286536F5E}.Template|x86.Build.0 = Debug|Win32
		{9B3D3488-8612-432E-9A7A-8E729AC07EAF}.Debug|x64.ActiveCfg = Debug|x64
		{9B3D3488-8612-432E-9A7A-8E729AC07EAF}.Debug|x64.Build.0 = Debug|x64
		{9B3D3488-8612-432E-9A7A-8E729AC07EAF}.Debug|x86.ActiveCfg = Debug|Win32
		{9B3D3488-8612-432E-9A7A-8E729AC07EAF}.Debug|x86.Build.0 = Debug|Win32
		{9B3D3488-8612-432E-9A7A-8E729AC07EAF}.Profile|x64.ActiveCfg = Profile|x64
		{9B3D3488-8612-432E-9A7A-8E729AC07EAF}.Profile|x64.Build.0 = Profile|x64
		{9B3D3488-8612-432E-9A7A-8E729AC07EAF}.Profile|x86.ActiveCfg = Profile|Win32
		{9B3D3488-8612-432E-9A7A-8E729AC07EAF}.Profile|x86.Build.0 = Profile|Win32
		{9B3D3488-8612-432E-9A7A-8E729AC07EAF}.Release|x64.ActiveCfg = Release|x64
		{9B3D3488-8612-432E-9A7A-8E729AC07EAF}.Release|x64.Build.0 = Release|x64
		{9B3D3488-8612-432E-9A7A-8E729AC07EAF}.Release|x86.ActiveCfg = Release|Win32
		{9B3D3488-8612-432E-9A7A-8E729AC07EAF}.Release|x86.Build.0 = Release|Win32
		{9B3D3488-8612-432E-9A7A-8E729AC07EAF}.Template|x64.ActiveCfg = Profile|x64
		{9B3D3488-8612-432E-9A7A-8E729AC07EAF}.Template|x64.Build.0 = Profile|x64
		{9B3D3488-8612-432E-9A7A-8E729AC07EAF}.Template|x86.ActiveCfg = Debug|Win32
		{9B3D3488-8612-432E-9A7A-8E729AC07EAF}.Template|x86.Build.0 = Debug|Win32
		{18329A05-93F1-489A-8FE1-94766DAF502D}.Debug|x64.ActiveCfg = Debug|x64
		{18329A05-93F1-489A-8FE1-94766DAF502D}.Debug|x64.Build.0 = Debug|x64
		{18329A05-93F1-489A-8FE1-94766DAF502D}.Debug|x86.ActiveCfg = Debug|Win32
		{18329A05-93F1-489A-8FE1-94766DAF502D}.Debug|x86.Build.0 = Debug|Win32
		{18329A05-93F1-489A-8FE1-94766DAF502D}.Profile|x64.ActiveCfg = Profile|x64
		{18329A05-93F1-489A-8FE1-94766DAF502D}.Profile|x64.Build.0 = Profile|x64
		{18329A05-93F1-489A-8FE1-94766DAF502D}.Profile|x86.ActiveCfg = Profile|Win32
		{18329A05-93F1-489A-8FE1-94766DAF502D}.Profile|x86.Build.0 = Profile|Win32
		{18329A05-93F1-489A-8FE1-94766DAF502D}.Release|x64.ActiveCfg = Release|x64
		{18329A05-93F1-489A-8FE1-94766DAF502D}.Release|x64.Build.0 = Release|x64
		{18329A05-93F1-489A-8FE1-94766DAF502D}.Release|x86.ActiveCfg = Release|Win32
		{18329A05-93F1-489A-8FE1-94766DAF502D}.Release|x86.Build.0 = Release|Win32
		{18329A05-93F1-489A-8FE1-94766DAF502D}.Template|x64.ActiveCfg = Profile|x64
		{18329A05-93F1-489A-8FE1-94766DAF502D}.Template|x64.Build.0 = Profile|x64
		{18329A05-93F1-489A-8FE1-94766DAF502D}.Template|x86.ActiveCfg = Debug|Win32
		{18329A05-93F1-489A-8FE1-94766DAF502D}.Template|x86.Build.0 = Debug|Win32
		{EDFBC1A4-0303-4F3F-A65B-F5E0AAA34767}.Debug|x64.ActiveCfg = Debug|x64
		{EDFBC1A4-0303-4F3F-A65B-F5E0AAA34767}.Debug|x64.Build.0 = Debug|x64
		{EDFBC1A4-0303-4F3F-A65B-F5E0AAA34767}.Debug|x86.ActiveCfg = Debug|Win32
		{EDFBC1A4-0303-4F3F-A65B-F5E0AAA34767}.Debug|x86.Build.0 = Debug|Win32
		{EDFBC1A4-0303-4F3F-A65B-F5E0AAA34767}.Profile|x64.ActiveCfg = Profile|x64
		{EDFBC1A4-0303-4F3F-A65B-F5E0AAA34767}.Profile|x64.Build.0 = Profile|x64
		{EDFBC1A4-0303-4F3F-A65B-F5E0AAA34767}.Profile|x86.ActiveCfg = Profile|Win32
		{EDFBC1A4-0303-4F3F-A65B-F5E0AAA34767}.Profile|x86.Build.0 = Profile|Win32
		{EDFBC1A4-0303-4F3F-A65B-F5E0AAA34767}.Release|x64.ActiveCfg = Release|x64
		{EDFBC1A4-0303-4F3F-A65B-F5E0AAA34767}.Release|x64.Build.0 = Release|x64
		{EDFBC1A4-0303-4F3F-A65B-F5E0AAA34767}.Release|x86.ActiveCfg = Release|Win32
		{EDFBC1A4-0303-4F3F-A65B-F5E0AAA34767}.Release|x86.Build.0 = Release|Win32
		{EDFBC1A4-0303-4F3F-A65B-F5E0AAA34767}.Template|x64.ActiveCfg = Profile|x64
		{EDFBC1A4-0303-4F3F-A65B-F5E0AAA34767}.Template|x64.Build.0 = Profile|x64
		{EDFBC1A4-0303-4F3F-A65B-F5E0AAA34767}.Template|x86.ActiveCfg = Debug|Win32
		{EDFBC1A4-0303-4F3F-A65B-F5E0AAA34767}.Template|x86.Build.0 = Debug|Win32
		{824A744B-9542-4531-93EA-081E0C2DA01F}.Debug|x64.ActiveCfg = Debug|x64
		{824A744B-9542-4531-93EA-081E0C2DA01F}.Debug|x64.Build.0 = Debug|x64
		{824A744B-9542-4531-93EA-081E0C2DA01F}.Debug|x86.ActiveCfg = Debug|Win32
		{824A744B-9542-4531-93EA-081E0C2DA01F}.Debug|x86.Build.0 = Debug|Win32
		{824A744B-9542-4531-93EA-081E0C2DA01F}.Profile|x64.ActiveCfg = Debug|x64
		{824A744B-9542-4531-93EA-081E0C2DA01F}.Profile|x64.Build.0 = Debug|x64
		{824A744B-9542-4531-93EA-081E0C2DA01F}.Profile|x86.ActiveCfg = Debug|Win32
		{824A744B-9542-4531-93EA-081E0C2DA01F}.Profile|x86.Build.0 = Debug|Win32
		{824A744B-9542-4531-93EA-081E0C2DA01F}.Release|x64.ActiveCfg = Release|x64
		{824A744B-9542-4531-93EA-081E0C2DA01F}.Release|x64.Build.0 = Release|x64
		{824A744B-9542-4531-93EA-081E0C2DA01F}.Release|x86.ActiveCfg = Release|Win32
		{824A744B-9542-4531-93EA-081E0C2DA01F}.Release|x86.Build.0 = Release|Win32
		{824A744B-9542-4531-93EA-081E0C2DA01F}.Template|x64.ActiveCfg = Debug|x64
		{824A744B-9542-4531-93EA-081E0C2DA01F}.Template|x64.Build.0 = Debug|x64
		{824A744B-9542-4531-93EA-081E0C2DA01F}.Template|x86.ActiveCfg = Debug|Win32
		{824A744B-9542-4531-93EA-081E0C2DA01F}.Template|x86.Build.0 = Debug|Win32
		{28C233ED-85DA-4782-A9A1-396573867BA5}.Debug|x64.ActiveCfg = Debug|x64
		{28C233ED-85DA-4782-A9A1-396573867BA5}.Debug|x64.Build.0 = Debug|x64
		{28C233ED-85DA-4782-A9A1-396573867BA5}.Debug|x86.ActiveCfg = Debug|Win32
		{28C233ED-85DA-4782-A9A1-396573867BA5}.Debug|x86.Build.0 = Debug|Win32
		{28C233ED-85DA-4782-A9A1-396573867BA5}.Profile|x64.ActiveCfg = Profile|x64
		{28C233ED-85DA-4782-A9A1-396573867BA5}.Profile|x64.Build.0 = Profile|x64
		{28C233ED-85DA-4782-A9A1-396573867BA5}.Profile|x86.ActiveCfg = Profile|Win32
		{28C233ED-85DA-4782-A9A1-396573867BA5}.Profile|x86.Build.0 = Profile|Win32
		{28C233ED-85DA-4782-A9A1-396573867BA5}.Release|x64.ActiveCfg = Release|x64
		{28C233ED-85DA-4782-A9A1-396573867BA5}.Release|x64.Build.0 = Release|x64
		{28C233ED-85DA-4782-A9A1-396573867BA5}.Release|x86.ActiveCfg = Release|Win32
		{28C233ED-85DA-4782-A9A1-396573867BA5}.Release|x86.Build.0 = Release|Win32
		{28C233ED-85DA-4782-A9A1-396573867BA5}.Template|x64.ActiveCfg = Profile|x64
		{28C233ED-85DA-4782-A9A1-396573867BA5}.Template|x64.Build.0 = Profile|x64
		{28C233ED-85DA-4782-A9A1-396573867BA5}.Template|x86.ActiveCfg = Debug|Win32
		{28C233ED-85DA-4782-A9A1-396573867BA5}.Template|x86.Build.0 = Debug|Win32
		{2E9517F1-8862-4FB2-A315-83BD68A51BB6}.Debug|x64.ActiveCfg = Debug|x64
		{2E9517F1-8862-4FB2-A315-83BD68A51BB6}.Debug|x64.Build.0 = Debug|x64
		{2E9517F1-8862-4FB2-A315-83BD68A51BB6}.Debug|x86.ActiveCfg = Debug|Win32
		{2E9517F1-8862-4FB2-A315-83BD68A51BB6}.Debug|x86.Build.0 = Debug|Win32
		{2E9517F1-8862-4FB2-A315-83BD68A51BB6}.Profile|x64.ActiveCfg = Debug|x64
		{2E9517F1-8862-4FB2-A315-83BD68A51BB6}.Profile|x64.Build.0 = Debug|x64
		{2E9517F1-8862-4FB2-A315-83BD68A51BB6}.Profile|x86.ActiveCfg = Debug|Win32
		{2E9517F1-8862-4FB2-A315-83BD68A51BB6}.Profile|x86.Build.0 = Debug|Win32
		{2E9517F1-8862-4FB2-A315-83BD68A51BB6}.Release|x64.ActiveCfg = Release|x64
		{2E9517F1-8862-4FB2-A315-83BD68A51BB6}.Release|x86.ActiveCfg = Release|Win32
		{2E9517F1-8862-4FB2-A315-83BD68A51BB6}.Release|x86.Build.0 = Release|Win32
		{2E9517F1-8862-4FB2-A315-83BD68A51BB6}.Template|x64.ActiveCfg = Debug|x64
		{2E9517F1-8862-4FB2-A315-83BD68A51BB6}.Template|x64.Build.0 = Debug|x64
		{2E9517F1-8862-4FB2-A315-83BD68A51BB6}.Template|x86.ActiveCfg = Debug|Win32
		{2E9517F1-8862-4FB2-A315-83BD68A51BB6}.Template|x86.Build.0 = Debug|Win32
		{5CB8DBA1-F070-4FD9-83C3-47248D3317CF}.Debug|x64.ActiveCfg = Debug|x64
		{5CB8DBA1-F070-4FD9-83C3-47248D3317CF}.Debug|x64.Build.0 = Debug|x64
		{5CB8DBA1-F070-4FD9-83C3-47248D3317CF}.Debug|x86.ActiveCfg = Debug|Win32
		{5CB8DBA1-F070-4FD9-83C3-47248D3317CF}.Debug|x86.Build.0 = Debug|Win32
		{5CB8DBA1-F070-4FD9-83C3-47248D3317CF}.Profile|x64.ActiveCfg = Profile|x64
		{5CB8DBA1-F070-4FD9-83C3-47248D3317CF}.Profile|x64.Build.0 = Profile|x64
		{5CB8DBA1-F070-4FD9-83C3-47248D3317CF}.Profile|x86.ActiveCfg = Profile|Win32
		{5CB8DBA1-F070-4FD9-83C3-47248D3317CF}.Profile|x86.Build.0 = Profile|Win32
		{5CB8DBA1-F070-4FD9-83C3-47248D3317CF}.Release|x64.ActiveCfg = Release|x64
		{5CB8DBA1-F070-4FD9-83C3-47248D3317CF}.Release|x64.Build.0 = Release|x64
		{5CB8DBA1-F070-4FD9-83C3-47248D3317CF}.Release|x86.ActiveCfg = Release|Win32
		{5CB8DBA1-F070-4FD9-83C3-47248D3317CF}.Release|x86.Build.0 = Release|Win32
		{5CB8DBA1-F070-4FD9-83C3-47248D3317CF}.Template|x64.ActiveCfg = Profile|x64
		{5CB8DBA1-F070-4FD9-83C3-47248D3317CF}.Template|x64.Build.0 = Profile|x64
		{5CB8DBA1-F070-4FD9-83C3-47248D3317CF}.Template|x86.ActiveCfg = Debug|Win32
		{5CB8DBA1-F070-4FD9-83C3-47248D3317CF}.Template|x86.Build.0 = Debug|Win32
		{4D3D78AC-3600-4BF7-8A0F-EFB909576A34}.Debug|x64.ActiveCfg = Debug|x64
		{4D3D78AC-3600-4BF7-8A0F-EFB909576A34}.Debug|x64.Build.0 = Debug|x64
		{4D3D78AC-3600-4BF7-8A0F-EFB909576A34}.Debug|x86.ActiveCfg = Debug|Win32
		{4D3D78AC-3600-4BF7-8A0F-EFB909576A34}.Debug|x86.Build.0 = Debug|Win32
		{4D3D78AC-3600-4BF7-8A0F-EFB909576A34}.Profile|x64.ActiveCfg = Profile|x64
		{4D3D78AC-3600-4BF7-8A0F-EFB909576A34}.Profile|x64.Build.0 = Profile|x64
		{4D3D78AC-3600-4BF7-8A0F-EFB909576A34}.Profile|x86.ActiveCfg = Profile|Win32
		{4D3D78AC-3600-4BF7-8A0F-EFB909576A34}.Profile|x86.Build.0 = Profile|Win32
		{4D3D78AC-3600-4BF7-8A0F-EFB909576A34}.Release|x64.ActiveCfg = Release|x64
		{4D3D78AC-3600-4BF7-8A0F-EFB909576A34}.Release|x64.Build.0 = Release|x64
		{4D3D78AC-3600-4BF7-8A0F-EFB909576A34}.Release|x86.ActiveCfg = Release|Win32
		{4D3D78AC-3600-4BF7-8A0F-EFB909576A34}.Release|x86.Build.0 = Release|Win32
		{4D3D78AC-3600-4BF7-8A0F-EFB909576A34}.Template|x64.ActiveCfg = Profile|x64
		{4D3D78AC-3600-4BF7-8A0F-EFB909576A34}.Template|x64.Build.0 = Profile|x64
		{4D3D78AC-3600-4BF7-8A0F-EFB909576A34}.Template|x86.ActiveCfg = Debug|Win32
		{4D3D78AC-3600-4BF7-8A0F-EFB909576A34}.Template|x86.Build.0 = Debug|Win32
		{FA05BFE1-7467-4574-936F-7BBCDF46D7A0}.Debug|x64.ActiveCfg = Debug|x64
		{FA05BFE1-7467-4574-936F-7BBCDF46D7A0}.Debug|x64.Build.0 = Debug|x64
		{FA05BFE1-7467-4574-936F-7BBCDF46D7A0}.Debug|x86.ActiveCfg = Debug|Win32
		{FA05BFE1-7467-4574-936F-7BBCDF46D7A0}.Debug|x86.Build.0 = Debug|Win32
		{FA05BFE1-7467-4574-936F-7BBCDF46D7A0}.Profile|x64.ActiveCfg = Profile|x64
		{FA05BFE1-7467-4574-936F-7BBCDF46D7A0}.Profile|x64.Build.0 = Profile|x64
		{FA05BFE1-7467-4574-936F-7BBCDF46D7A0}.Profile|x86.ActiveCfg = Profile|Win32
		{FA05BFE1-7467-4574-936F-7BBCDF46D7A0}.Profile|x86.Build.0 = Profile|Win32
		{FA05BFE1-7467-4574-936F-7BBCDF46D7A0}.Release|x64.ActiveCfg = Release|x64
		{FA05BFE1-7467-4574-936F-7BBCDF46D7A0}.Release|x64.Build.0 = Release|x64
		{FA05BFE1-7467-4574-936F-7BBCDF46D7A0}.Release|x86.ActiveCfg = Release|Win32
		{FA05BFE1-7467-4574-936F-7BBCDF46D7A0}.Release|x86.Build.0 = Release|Win32
		{FA05BFE1-7467-4574-936F-7BBCDF46D7A0}.Template|x64.ActiveCfg = Profile|x64
		{FA05BFE1-7467-4574-936F-7BBCDF46D7A0}.Template|x64.Build.0 = Profile|x64
		{FA05BFE1-7467-4574-936F-7BBCDF46D7A0}.Template|x86.ActiveCfg = Debug|Win32
		{FA05BFE1-7467-4574-936F-7BBCDF46D7A0}.Template|x86.Build.0 = Debug|Win32
		{BD6184C1-2714-4539-9E0F-483F768B7FEA}.Debug|x64.ActiveCfg = Debug|x64
		{BD6184C1-2714-4539-9E0F-483F768B7FEA}.Debug|x64.Build.0 = Debug|x64
		{BD6184C1-2714-4539-9E0F-483F768B7FEA}.Debug|x86.ActiveCfg = Debug|Win32
		{BD6184C1-2714-4539-9E0F-483F768B7FEA}.Debug|x86.Build.0 = Debug|Win32
		{BD6184C1-2714-4539-9E0F-483F768B7FEA}.Profile|x64.ActiveCfg = Profile|x64
		{BD6184C1-2714-4539-9E0F-483F768B7FEA}.Profile|x64.Build.0 = Profile|x64
		{BD6184C1-2714-4539-9E0F-483F768B7FEA}.Profile|x86.ActiveCfg = Profile|Win32
		{BD6184C1-2714-4539-9E0F-483F768B7FEA}.Profile|x86.Build.0 = Profile|Win32
		{BD6184C1-2714-4539-9E0F-483F768B7FEA}.Release|x64.ActiveCfg = Release|x64
		{BD6184C1-2714-4539-9E0F-483F768B7FEA}.Release|x64.Build.0 = Release|x64
		{BD6184C1-2714-4539-9E0F-483F768B7FEA}.Release|x86.ActiveCfg = Release|Win32
		{BD6184C1-2714-4539-9E0F-483F768B7FEA}.Release|x86.Build.0 = Release|Win32
		{BD6184C1-2714-4539-9E0F-483F768B7FEA}.Template|x64.ActiveCfg = Profile|x64
		{BD6184C1-2714-4539-9E0F-483F768B7FEA}.Template|x64.Build.0 = Profile|x64
		{BD6184C1-2714-4539-9E0F-483F768B7FEA}.Template|x86.ActiveCfg = Debug|Win32
		{BD6184C1-2714-4539-9E0F-483F768B7FEA}.Template|x86.Build.0 = Debug|Win32
		{A70346ED-80B3-433C-A856-08C44D6854C8}.Debug|x64.ActiveCfg = Debug|x64
		{A70346ED-80B3-433C-A856-08C44D6854C8}.Debug|x64.Build.0 = Debug|x64
		{A70346ED-80B3-433C-A856-08C44D6854C8}.Debug|x86.ActiveCfg = Debug|Win32
		{A70346ED-80B3-433C-A856-08C44D6854C8}.Debug|x86.Build.0 = Debug|Win32
		{A70346ED-80B3-433C-A856-08C44D6854C8}.Profile|x64.ActiveCfg = Profile|x64
		{A70346ED-80B3-433C-A856-08C44D6854C8}.Profile|x64.Build.0 = Profile|x64
		{A70346ED-80B3-433C-A856-08C44D6854C8}.Profile|x86.ActiveCfg = Profile|Win32
		{A70346ED-80B3-433C-A856-08C44D6854C8}.Profile|x86.Build.0 = Profile|Win32
		{A70346ED-80B3-433C-A856-08C44D6854C8}.Release|x64.ActiveCfg = Release|x64
		{A70346ED-80B3-433C-A856-08C44D6854C8}.Release|x64.Build.0 = Release|x64
		{A70346ED-80B3-433C-A856-08C44D6854C8}.Release|x86.ActiveCfg = Release|Win32
		{A70346ED-80B3-433C-A856-08C44D6854C8}.Release|x86.Build.0 = Release|Win32
		{A70346ED-80B3-433C-A856-08C44D6854C8}.Template|x64.ActiveCfg = Profile|x64
		{A70346ED-80B3-433C-A856-08C44D6854C8}.Template|x64.Build.0 = Profile|x64
		{A70346ED-80B3-433C-A856-08C44D6854C8}.Template|x86.ActiveCfg = Debug|Win32
		{A70346ED-80B3-433C-A856-08C44D6854C8}.Template|x86.Build.0 = Debug|Win32
		{E876EE0E-AC17-4903-BDC9-497838AD2591}.Debug|x64.ActiveCfg = Debug|x64
		{E876EE0E-AC17-4903-BDC9-497838AD2591}.Debug|x64.Build.0 = Debug|x64
		{E876EE0E-AC17-4903-BDC9-497838AD2591}.Debug|x86.ActiveCfg = Debug|Win32
		{E876EE0E-AC17-4903-BDC9-497838AD2591}.Debug|x86.Build.0 = Debug|Win32
		{E876EE0E-AC17-4903-BDC9-497838AD2591}.Profile|x64.ActiveCfg = Debug|x64
		{E876EE0E-AC17-4903-BDC9-497838AD2591}.Profile|x64.Build.0 = Debug|x64
		{E876EE0E-AC17-4903-BDC9-497838AD2591}.Profile|x86.ActiveCfg = Debug|Win32
		{E876EE0E-AC17-4903-BDC9-497838AD2591}.Profile|x86.Build.0 = Debug|Win32
		{E876EE0E-AC17-4903-BDC9-497838AD2591}.Release|x64.ActiveCfg = Release|x64
		{E876EE0E-AC17-4903-BDC9-497838AD2591}.Release|x64.Build.0 = Release|x64
		{E876EE0E-AC17-4903-BDC9-497838AD2591}.Release|x86.ActiveCfg = Release|Win32
		{E876EE0E-AC17-4903-BDC9-497838AD2591}.Release|x86.Build.0 = Release|Win32
		{E876EE0E-AC17-4903-BDC9-497838AD2591}.Template|x64.ActiveCfg = Debug|x64
		{E876EE0E-AC17-4903-BDC9-497838AD2591}.Template|x64.Build.0 = Debug|x64
		{E876EE0E-AC17-4903-BDC9-497838AD2591}.Template|x86.ActiveCfg = Debug|Win32
		{E876EE0E-AC17-4903-BDC9-497838AD2591}.Template|x86.Build.0 = Debug|Win32
		{23FC1E32-F3C1-4C9D-88F5-80DFE9FAAAC9}.Debug|x64.ActiveCfg = Debug|x64
		{23FC1E32-F3C1-4C9D-88F5-80DFE9FAAAC9}.Debug|x64.Build.0 = Debug|x64
		{23FC1E32-F3C1-4C9D-88F5-80DFE9FAAAC9}.Debug|x86.ActiveCfg = Debug|Win32
		{23FC1E32-F3C1-4C9D-88F5-80DFE9FAAAC9}.Debug|x86.Build.0 = Debug|Win32
		{23FC1E32-F3C1-4C9D-88F5-80DFE9FAAAC9}.Profile|x64.ActiveCfg = Debug|x64
		{23FC1E32-F3C1-4C9D-88F5-80DFE9FAAAC9}.Profile|x64.Build.0 = Debug|x64
		{23FC1E32-F3C1-4C9D-88F5-80DFE9FAAAC9}.Profile|x86.ActiveCfg = Debug|Win32
		{23FC1E32-F3C1-4C9D-88F5-80DFE9FAAAC9}.Profile|x86.Build.0 = Debug|Win32
		{23FC1E32-F3C1-4C9D-88F5-80DFE9FAAAC9}.Release|x64.ActiveCfg = Release|x64
		{23FC1E32-F3C1-4C9D-88F5-80DFE9FAAAC9}.Release|x64.Build.0 = Release|x64
		{23FC1E32-F3C1-4C9D-88F5-80DFE9FAAAC9}.Release|x86.ActiveCfg = Release|Win32
		{23FC1E32-F3C1-4C9D-88F5-80DFE9FAAAC9}.Release|x86.Build.0 = Release|Win32
		{23FC1E32-F3C1-4C9D-88F5-80DFE9FAAAC9}.Template|x64.ActiveCfg = Debug|x64
		{23FC1E32-F3C1-4C9D-88F5-80DFE9FAAAC9}.Template|x64.Build.0 = Debug|x64
		{23FC1E32-F3C1-4C9D-88F5-80DFE9FAAAC9}.Template|x86.ActiveCfg = Debug|Win32
		{23FC1E32-F3C1-4C9D-88F5-80DFE9FAAAC9}.Template|x86.Build.0 = Debug|Win32
		{1301CBB1-AE4E-4128-9136-8944A96E07F1}.Debug|x64.ActiveCfg = Debug|x64
		{1301CBB1-AE4E-4128-9136-8944A96E07F1}.Debug|x64.Build.0 = Debug|x64
		{1301CBB1-AE4E-4128-9136-8944A96E07F1}.Debug|x86.ActiveCfg = Debug|Win32
		{1301CBB1-AE4E-4128-9136-8944A96E07F1}.Debug|x86.Build.0 = Debug|Win32
		{1301CBB1-AE4E-4128-9136-8944A96E07F1}.Profile|x64.ActiveCfg = Profile|x64
		{1301CBB1-AE4E-4128-9136-8944A96E07F1}.Profile|x64.Build.0 = Profile|x64
		{1301CBB1-AE4E-4128-9136-8944A96E07F1}.Profile|x86.ActiveCfg = Profile|Win32
		{1301CBB1-AE4E-4128-9136-8944A96E07F1}.Profile|x86.Build.0 = Profile|Win32
		{1301CBB1-AE4E-4128-9136-8944A96E07F1}.Release|x64.ActiveCfg = Release|x64
		{1301CBB1-AE4E-4128-9136-8944A96E07F1}.Release|x64.Build.0 = Release|x64
		{1301CBB1-AE4E-4128-9136-8944A96E07F1}.Release|x86.ActiveCfg = Release|Win32
		{1301CBB1-AE4E-4128-9136-8944A96E07F1}.Release|x86.Build.0 = Release|Win32
		{1301CBB1-AE4E-4128-9136-8944A96E07F1}.Template|x64.ActiveCfg = Profile|x64
		{1301CBB1-AE4E-4128-9136-8944A96E07F1}.Template|x64.Build.0 = Profile|x64
		{1301CBB1-AE4E-4128-9136-8944A96E07F1}.Template|x86.ActiveCfg = Debug|Win32
		{1301CBB1-AE4E-4128-9136-8944A96E07F1}.Template|x86.Build.0 = Debug|Win32
		{38BB3D8C-3497-4CEA-AF3D-8CD80A472EBD}.Debug|x64.ActiveCfg = Debug|x64
		{38BB3D8C-3497-4CEA-AF3D-8CD80A472EBD}.Debug|x64.Build.0 = Debug|x64
		{38BB3D8C-3497-4CEA-AF3D-8CD80A472EBD}.Debug|x86.ActiveCfg = Debug|Win32
		{38BB3D8C-3497-4CEA-AF3D-8CD80A472EBD}.Debug|x86.Build.0 = Debug|Win32
		{38BB3D8C-3497-4CEA-AF3D-8CD80A472EBD}.Profile|x64.ActiveCfg = Debug|x64
		{38BB3D8C-3497-4CEA-AF3D-8CD80A472EBD}.Profile|x64.Build.0 = Debug|x64
		{38BB3D8C-3497-4CEA-AF3D-8CD80A472EBD}.Profile|x86.ActiveCfg = Debug|Win32
		{38BB3D8C-3497-4CEA-AF3D-8CD80A472EBD}.Profile|x86.Build.0 = Debug|Win32
		{38BB3D8C-3497-4CEA-AF3D-8CD80A472EBD}.Release|x64.ActiveCfg = Release|x64
		{38BB3D8C-3497-4CEA-AF3D-8CD80A472EBD}.Release|x64.Build.0 = Release|x64
		{38BB3D8C-3497-4CEA-AF3D-8CD80A472EBD}.Release|x86.ActiveCfg = Release|Win32
		{38BB3D8C-3497-4CEA-AF3D-8CD80A472EBD}.Release|x86.Build.0 = Release|Win32
		{38BB3D8C-3497-4CEA-AF3D-8CD80A472EBD}.Template|x64.ActiveCfg = Debug|x64
		{38BB3D8C-3497-4CEA-AF3D-8CD80A472EBD}.Template|x64.Build.0 = Debug|x64
		{38BB3D8C-3497-4CEA-AF3D-8CD80A472EBD}.Template|x86.ActiveCfg = Debug|Win32
		{38BB3D8C-3497-4CEA-AF3D-8CD80A472EBD}.Template|x86.Build.0 = Debug|Win32
		{899605AF-94B8-4A15-83B6-CFC11C66FE34}.Debug|x64.ActiveCfg = Debug|x64
		{899605AF-94B8-4A15-83B6-CFC11C66FE34}.Debug|x64.Build.0 = Debug|x64
		{899605AF-94B8-4A15-83B6-CFC11C66FE34}.Debug|x86.ActiveCfg = Debug|Win32
		{899605AF-94B8-4A15-83B6-CFC11C66FE34}.Debug|x86.Build.0 = Debug|Win32
		{899605AF-94B8-4A15-83B6-CFC11C66FE34}.Profile|x64.ActiveCfg = Profile|x64
		{899605AF-94B8-4A15-83B6-CFC11C66FE34}.Profile|x64.Build.0 = Profile|x64
		{899605AF-94B8-4A15-83B6-CFC11C66FE34}.Profile|x86.ActiveCfg = Profile|Win32
		{899605AF-94B8-4A15-83B6-CFC11C66FE34}.Profile|x86.Build.0 = Profile|Win32
		{899605AF-94B8-4A15-83B6-CFC11C66FE34}.Release|x64.ActiveCfg = Release|x64
		{899605AF-94B8-4A15-83B6-CFC11C66FE34}.Release|x64.Build.0 = Release|x64
		{899605AF-94B8-4A15-83B6-CFC11C66FE34}.Release|x86.ActiveCfg = Release|Win32
		{899605AF-94B8-4A15-83B6-CFC11C66FE34}.Release|x86.Build.0 = Release|Win32
		{899605AF-94B8-4A15-83B6-CFC11C66FE34}.Template|x64.ActiveCfg = Profile|x64
		{899605AF-94B8-4A15-83B6-CFC11C66FE34}.Template|x64.Build.0 = Profile|x64
		{899605AF-94B8-4A15-83B6-CFC11C66FE34}.Template|x86.ActiveCfg = Debug|Win32
		{899605AF-94B8-4A15-83B6-CFC11C66FE34}.Template|x86.Build.0 = Debug|Win32
	EndGlobalSection
	GlobalSection(SolutionProperties) = preSolution
		HideSolutionNode = FALSE
	EndGlobalSection
	GlobalSection(ExtensibilityGlobals) = postSolution
		SolutionGuid = {25886BC7-24EA-4A7B-92E7-E06B3C235183}
	EndGlobalSection
EndGlobal
