Microsoft Visual Studio Solution File, Format Version 7.00
Project("{8BC9CEB8-8B4A-11D0-8D11-00A0C91BC942}") = "ToneGLib", "TonePGLib\ToneGLib.vcproj", "{BAE3BEFA-2E2B-44DB-953D-CABE382460FD}"
EndProject
Project("{8BC9CEB8-8B4A-11D0-8D11-00A0C91BC942}") = "ToneGen", "ToneGen\ToneGen.vcproj", "{97B63583-7F51-4DAC-91D5-97898E91349B}"
EndProject
Project("{8BC9CEB8-8B4A-11D0-8D11-00A0C91BC942}") = "TonePLib", "TonePGLib\TonePLib.vcproj", "{70ECED6F-C50A-412C-8BF9-20CB19D9F6DD}"
EndProject
Project("{8BC9CEB8-8B4A-11D0-8D11-00A0C91BC942}") = "TonePars", "TonePars\TonePars.vcproj", "{DAAD6E67-E282-48AB-A841-E59D5693B17B}"
EndProject
Project("{8BC9CEB8-8B4A-11D0-8D11-00A0C91BC942}") = "XAmpleTestDll", "ample\XAmpleTestDll.vcproj", "{A8DB4A0D-7642-4DAC-9DD6-A0746E5EB281}"
EndProject
Project("{8BC9CEB8-8B4A-11D0-8D11-00A0C91BC942}") = "ample", "ample\Ample.vcproj", "{172C91EC-5348-4C88-A1D2-72B49AF065D1}"
EndProject
Project("{8BC9CEB8-8B4A-11D0-8D11-00A0C91BC942}") = "ampledll", "ample\Ampledll.vcproj", "{F9F973F0-5111-4BA1-B8FB-58A56CD6CFE7}"
EndProject
Project("{8BC9CEB8-8B4A-11D0-8D11-00A0C91BC942}") = "amplelib", "ample\Amplelib.vcproj", "{DD41B157-98ED-4E30-9FFD-4348450E936E}"
EndProject
Project("{8BC9CEB8-8B4A-11D0-8D11-00A0C91BC942}") = "anadiff", "anadiff\Anadiff.vcproj", "{35959293-750C-40CB-8B60-7ABE4557E619}"
EndProject
Project("{8BC9CEB8-8B4A-11D0-8D11-00A0C91BC942}") = "cmdlib", "cmdlib\Cmdlib.vcproj", "{A3619E23-0DEB-42B2-A011-22F18F5F4435}"
EndProject
Project("{8BC9CEB8-8B4A-11D0-8D11-00A0C91BC942}") = "cportlib", "cportlib\Cportlib.vcproj", "{D27ABE31-3EBC-4686-963D-5AFE7A10EFDB}"
EndProject
Project("{8BC9CEB8-8B4A-11D0-8D11-00A0C91BC942}") = "intergen", "intergen\Intergen.vcproj", "{61C48469-C0D5-4244-8A65-D38286536F5E}"
EndProject
Project("{8BC9CEB8-8B4A-11D0-8D11-00A0C91BC942}") = "kimmolib", "pckimmo\Kimmolib.vcproj", "{9B3D3488-8612-432E-9A7A-8E729AC07EAF}"
EndProject
Project("{8BC9CEB8-8B4A-11D0-8D11-00A0C91BC942}") = "ktagger", "ktagger\Ktagger.vcproj", "{18329A05-93F1-489A-8FE1-94766DAF502D}"
EndProject
Project("{8BC9CEB8-8B4A-11D0-8D11-00A0C91BC942}") = "ktext", "ktext\Ktext.vcproj", "{EDFBC1A4-0303-4F3F-A65B-F5E0AAA34767}"
EndProject
Project("{8BC9CEB8-8B4A-11D0-8D11-00A0C91BC942}") = "llample", "ample\Llample.vcproj", "{824A744B-9542-4531-93EA-081E0C2DA01F}"
EndProject
Project("{8BC9CEB8-8B4A-11D0-8D11-00A0C91BC942}") = "opaclib", "opaclib\Opaclib.vcproj", "{28C233ED-85DA-4782-A9A1-396573867BA5}"
EndProject
Project("{8BC9CEB8-8B4A-11D0-8D11-00A0C91BC942}") = "patr100", "pcpatr\Patr100.vcproj", "{2E9517F1-8862-4FB2-A315-83BD68A51BB6}"
EndProject
Project("{8BC9CEB8-8B4A-11D0-8D11-00A0C91BC942}") = "patrlib", "pcpatr\Patrlib.vcproj", "{5CB8DBA1-F070-4FD9-83C3-47248D3317CF}"
EndProject
Project("{8BC9CEB8-8B4A-11D0-8D11-00A0C91BC942}") = "pckimmo", "pckimmo\Pckimmo.vcproj", "{4D3D78AC-3600-4BF7-8A0F-EFB909576A34}"
EndProject
Project("{8BC9CEB8-8B4A-11D0-8D11-00A0C91BC942}") = "pcpatr", "pcpatr\Pcpatr.vcproj", "{FA05BFE1-7467-4574-936F-7BBCDF46D7A0}"
EndProject
Project("{8BC9CEB8-8B4A-11D0-8D11-00A0C91BC942}") = "stamp", "stamp\Stamp.vcproj", "{BD6184C1-2714-4539-9E0F-483F768B7FEA}"
EndProject
Project("{8BC9CEB8-8B4A-11D0-8D11-00A0C91BC942}") = "stamplib", "stamp\Stamplib.vcproj", "{A70346ED-80B3-433C-A856-08C44D6854C8}"
EndProject
Project("{8BC9CEB8-8B4A-11D0-8D11-00A0C91BC942}") = "testdll", "ample\Testdll.vcproj", "{E876EE0E-AC17-4903-BDC9-497838AD2591}"
EndProject
Project("{8BC9CEB8-8B4A-11D0-8D11-00A0C91BC942}") = "wllample", "ample\Wllample.vcproj", "{23FC1E32-F3C1-4C9D-88F5-80DFE9FAAAC9}"
EndProject
Project("{8BC9CEB8-8B4A-11D0-8D11-00A0C91BC942}") = "xample", "ample\Xample.vcproj", "{1301CBB1-AE4E-4128-9136-8944A96E07F1}"
EndProject
Project("{8BC9CEB8-8B4A-11D0-8D11-00A0C91BC942}") = "xampledll", "ample\XAmpledll.vcproj", "{38BB3D8C-3497-4CEA-AF3D-8CD80A472EBD}"
EndProject
Project("{8BC9CEB8-8B4A-11D0-8D11-00A0C91BC942}") = "xamplelib", "ample\XAmplelib.vcproj", "{899605AF-94B8-4A15-83B6-CFC11C66FE34}"
EndProject
Global
	GlobalSection(SolutionConfiguration) = preSolution
		ConfigName.0 = Debug
		ConfigName.1 = Profile
		ConfigName.2 = Release
	EndGlobalSection
	GlobalSection(ProjectDependencies) = postSolution
		{97B63583-7F51-4DAC-91D5-97898E91349B}.0 = {BAE3BEFA-2E2B-44DB-953D-CABE382460FD}
		{97B63583-7F51-4DAC-91D5-97898E91349B}.1 = {DD41B157-98ED-4E30-9FFD-4348450E936E}
		{97B63583-7F51-4DAC-91D5-97898E91349B}.2 = {D27ABE31-3EBC-4686-963D-5AFE7A10EFDB}
		{97B63583-7F51-4DAC-91D5-97898E91349B}.3 = {28C233ED-85DA-4782-A9A1-396573867BA5}
		{DAAD6E67-E282-48AB-A841-E59D5693B17B}.0 = {28C233ED-85DA-4782-A9A1-396573867BA5}
		{DAAD6E67-E282-48AB-A841-E59D5693B17B}.1 = {D27ABE31-3EBC-4686-963D-5AFE7A10EFDB}
		{DAAD6E67-E282-48AB-A841-E59D5693B17B}.2 = {DD41B157-98ED-4E30-9FFD-4348450E936E}
		{DAAD6E67-E282-48AB-A841-E59D5693B17B}.3 = {70ECED6F-C50A-412C-8BF9-20CB19D9F6DD}
		{A8DB4A0D-7642-4DAC-9DD6-A0746E5EB281}.0 = {D27ABE31-3EBC-4686-963D-5AFE7A10EFDB}
		{A8DB4A0D-7642-4DAC-9DD6-A0746E5EB281}.1 = {28C233ED-85DA-4782-A9A1-396573867BA5}
		{172C91EC-5348-4C88-A1D2-72B49AF065D1}.0 = {DD41B157-98ED-4E30-9FFD-4348450E936E}
		{172C91EC-5348-4C88-A1D2-72B49AF065D1}.1 = {D27ABE31-3EBC-4686-963D-5AFE7A10EFDB}
		{172C91EC-5348-4C88-A1D2-72B49AF065D1}.2 = {28C233ED-85DA-4782-A9A1-396573867BA5}
		{F9F973F0-5111-4BA1-B8FB-58A56CD6CFE7}.0 = {28C233ED-85DA-4782-A9A1-396573867BA5}
		{F9F973F0-5111-4BA1-B8FB-58A56CD6CFE7}.1 = {D27ABE31-3EBC-4686-963D-5AFE7A10EFDB}
		{F9F973F0-5111-4BA1-B8FB-58A56CD6CFE7}.2 = {DD41B157-98ED-4E30-9FFD-4348450E936E}
		{35959293-750C-40CB-8B60-7ABE4557E619}.0 = {28C233ED-85DA-4782-A9A1-396573867BA5}
		{35959293-750C-40CB-8B60-7ABE4557E619}.1 = {D27ABE31-3EBC-4686-963D-5AFE7A10EFDB}
		{61C48469-C0D5-4244-8A65-D38286536F5E}.0 = {28C233ED-85DA-4782-A9A1-396573867BA5}
		{61C48469-C0D5-4244-8A65-D38286536F5E}.1 = {D27ABE31-3EBC-4686-963D-5AFE7A10EFDB}
		{18329A05-93F1-489A-8FE1-94766DAF502D}.0 = {5CB8DBA1-F070-4FD9-83C3-47248D3317CF}
		{18329A05-93F1-489A-8FE1-94766DAF502D}.1 = {9B3D3488-8612-432E-9A7A-8E729AC07EAF}
		{18329A05-93F1-489A-8FE1-94766DAF502D}.2 = {28C233ED-85DA-4782-A9A1-396573867BA5}
		{18329A05-93F1-489A-8FE1-94766DAF502D}.3 = {D27ABE31-3EBC-4686-963D-5AFE7A10EFDB}
		{EDFBC1A4-0303-4F3F-A65B-F5E0AAA34767}.0 = {9B3D3488-8612-432E-9A7A-8E729AC07EAF}
		{EDFBC1A4-0303-4F3F-A65B-F5E0AAA34767}.1 = {D27ABE31-3EBC-4686-963D-5AFE7A10EFDB}
		{EDFBC1A4-0303-4F3F-A65B-F5E0AAA34767}.2 = {A3619E23-0DEB-42B2-A011-22F18F5F4435}
		{EDFBC1A4-0303-4F3F-A65B-F5E0AAA34767}.3 = {5CB8DBA1-F070-4FD9-83C3-47248D3317CF}
		{EDFBC1A4-0303-4F3F-A65B-F5E0AAA34767}.4 = {28C233ED-85DA-4782-A9A1-396573867BA5}
		{824A744B-9542-4531-93EA-081E0C2DA01F}.0 = {DD41B157-98ED-4E30-9FFD-4348450E936E}
		{824A744B-9542-4531-93EA-081E0C2DA01F}.1 = {D27ABE31-3EBC-4686-963D-5AFE7A10EFDB}
		{824A744B-9542-4531-93EA-081E0C2DA01F}.2 = {28C233ED-85DA-4782-A9A1-396573867BA5}
		{2E9517F1-8862-4FB2-A315-83BD68A51BB6}.0 = {28C233ED-85DA-4782-A9A1-396573867BA5}
		{2E9517F1-8862-4FB2-A315-83BD68A51BB6}.1 = {9B3D3488-8612-432E-9A7A-8E729AC07EAF}
		{2E9517F1-8862-4FB2-A315-83BD68A51BB6}.2 = {D27ABE31-3EBC-4686-963D-5AFE7A10EFDB}
		{2E9517F1-8862-4FB2-A315-83BD68A51BB6}.3 = {F9F973F0-5111-4BA1-B8FB-58A56CD6CFE7}
		{2E9517F1-8862-4FB2-A315-83BD68A51BB6}.4 = {5CB8DBA1-F070-4FD9-83C3-47248D3317CF}
		{4D3D78AC-3600-4BF7-8A0F-EFB909576A34}.0 = {9B3D3488-8612-432E-9A7A-8E729AC07EAF}
		{4D3D78AC-3600-4BF7-8A0F-EFB909576A34}.1 = {A3619E23-0DEB-42B2-A011-22F18F5F4435}
		{4D3D78AC-3600-4BF7-8A0F-EFB909576A34}.2 = {D27ABE31-3EBC-4686-963D-5AFE7A10EFDB}
		{4D3D78AC-3600-4BF7-8A0F-EFB909576A34}.3 = {28C233ED-85DA-4782-A9A1-396573867BA5}
		{4D3D78AC-3600-4BF7-8A0F-EFB909576A34}.4 = {5CB8DBA1-F070-4FD9-83C3-47248D3317CF}
		{FA05BFE1-7467-4574-936F-7BBCDF46D7A0}.0 = {28C233ED-85DA-4782-A9A1-396573867BA5}
		{FA05BFE1-7467-4574-936F-7BBCDF46D7A0}.1 = {9B3D3488-8612-432E-9A7A-8E729AC07EAF}
		{FA05BFE1-7467-4574-936F-7BBCDF46D7A0}.2 = {D27ABE31-3EBC-4686-963D-5AFE7A10EFDB}
		{FA05BFE1-7467-4574-936F-7BBCDF46D7A0}.3 = {A3619E23-0DEB-42B2-A011-22F18F5F4435}
		{FA05BFE1-7467-4574-936F-7BBCDF46D7A0}.4 = {DD41B157-98ED-4E30-9FFD-4348450E936E}
		{FA05BFE1-7467-4574-936F-7BBCDF46D7A0}.5 = {5CB8DBA1-F070-4FD9-83C3-47248D3317CF}
		{BD6184C1-2714-4539-9E0F-483F768B7FEA}.0 = {A70346ED-80B3-433C-A856-08C44D6854C8}
		{BD6184C1-2714-4539-9E0F-483F768B7FEA}.1 = {DD41B157-98ED-4E30-9FFD-4348450E936E}
		{BD6184C1-2714-4539-9E0F-483F768B7FEA}.2 = {D27ABE31-3EBC-4686-963D-5AFE7A10EFDB}
		{BD6184C1-2714-4539-9E0F-483F768B7FEA}.3 = {28C233ED-85DA-4782-A9A1-396573867BA5}
		{E876EE0E-AC17-4903-BDC9-497838AD2591}.0 = {28C233ED-85DA-4782-A9A1-396573867BA5}
		{E876EE0E-AC17-4903-BDC9-497838AD2591}.1 = {D27ABE31-3EBC-4686-963D-5AFE7A10EFDB}
		{1301CBB1-AE4E-4128-9136-8944A96E07F1}.0 = {5CB8DBA1-F070-4FD9-83C3-47248D3317CF}
		{1301CBB1-AE4E-4128-9136-8944A96E07F1}.1 = {28C233ED-85DA-4782-A9A1-396573867BA5}
		{1301CBB1-AE4E-4128-9136-8944A96E07F1}.2 = {D27ABE31-3EBC-4686-963D-5AFE7A10EFDB}
		{1301CBB1-AE4E-4128-9136-8944A96E07F1}.3 = {A3619E23-0DEB-42B2-A011-22F18F5F4435}
		{1301CBB1-AE4E-4128-9136-8944A96E07F1}.4 = {899605AF-94B8-4A15-83B6-CFC11C66FE34}
		{38BB3D8C-3497-4CEA-AF3D-8CD80A472EBD}.0 = {D27ABE31-3EBC-4686-963D-5AFE7A10EFDB}
		{38BB3D8C-3497-4CEA-AF3D-8CD80A472EBD}.1 = {28C233ED-85DA-4782-A9A1-396573867BA5}
		{38BB3D8C-3497-4CEA-AF3D-8CD80A472EBD}.2 = {5CB8DBA1-F070-4FD9-83C3-47248D3317CF}
		{38BB3D8C-3497-4CEA-AF3D-8CD80A472EBD}.3 = {A3619E23-0DEB-42B2-A011-22F18F5F4435}
		{38BB3D8C-3497-4CEA-AF3D-8CD80A472EBD}.4 = {899605AF-94B8-4A15-83B6-CFC11C66FE34}
		{899605AF-94B8-4A15-83B6-CFC11C66FE34}.0 = {5CB8DBA1-F070-4FD9-83C3-47248D3317CF}
	EndGlobalSection
	GlobalSection(ProjectConfiguration) = postSolution
		{BAE3BEFA-2E2B-44DB-953D-CABE382460FD}.Debug.ActiveCfg = Debug|Win32
		{BAE3BEFA-2E2B-44DB-953D-CABE382460FD}.Debug.Build.0 = Debug|Win32
		{BAE3BEFA-2E2B-44DB-953D-CABE382460FD}.Profile.ActiveCfg = Release|Win32
		{BAE3BEFA-2E2B-44DB-953D-CABE382460FD}.Profile.Build.0 = Release|Win32
		{BAE3BEFA-2E2B-44DB-953D-CABE382460FD}.Release.ActiveCfg = Release|Win32
		{BAE3BEFA-2E2B-44DB-953D-CABE382460FD}.Release.Build.0 = Release|Win32
		{97B63583-7F51-4DAC-91D5-97898E91349B}.Debug.ActiveCfg = Debug|Win32
		{97B63583-7F51-4DAC-91D5-97898E91349B}.Debug.Build.0 = Debug|Win32
		{97B63583-7F51-4DAC-91D5-97898E91349B}.Profile.ActiveCfg = Release|Win32
		{97B63583-7F51-4DAC-91D5-97898E91349B}.Profile.Build.0 = Release|Win32
		{97B63583-7F51-4DAC-91D5-97898E91349B}.Release.ActiveCfg = Release|Win32
		{97B63583-7F51-4DAC-91D5-97898E91349B}.Release.Build.0 = Release|Win32
		{70ECED6F-C50A-412C-8BF9-20CB19D9F6DD}.Debug.ActiveCfg = Debug|Win32
		{70ECED6F-C50A-412C-8BF9-20CB19D9F6DD}.Debug.Build.0 = Debug|Win32
		{70ECED6F-C50A-412C-8BF9-20CB19D9F6DD}.Profile.ActiveCfg = Debug|Win32
		{70ECED6F-C50A-412C-8BF9-20CB19D9F6DD}.Profile.Build.0 = Debug|Win32
		{70ECED6F-C50A-412C-8BF9-20CB19D9F6DD}.Release.ActiveCfg = Release|Win32
		{70ECED6F-C50A-412C-8BF9-20CB19D9F6DD}.Release.Build.0 = Release|Win32
		{DAAD6E67-E282-48AB-A841-E59D5693B17B}.Debug.ActiveCfg = Debug|Win32
		{DAAD6E67-E282-48AB-A841-E59D5693B17B}.Debug.Build.0 = Debug|Win32
		{DAAD6E67-E282-48AB-A841-E59D5693B17B}.Profile.ActiveCfg = Release|Win32
		{DAAD6E67-E282-48AB-A841-E59D5693B17B}.Profile.Build.0 = Release|Win32
		{DAAD6E67-E282-48AB-A841-E59D5693B17B}.Release.ActiveCfg = Release|Win32
		{DAAD6E67-E282-48AB-A841-E59D5693B17B}.Release.Build.0 = Release|Win32
		{A8DB4A0D-7642-4DAC-9DD6-A0746E5EB281}.Debug.ActiveCfg = Debug|Win32
		{A8DB4A0D-7642-4DAC-9DD6-A0746E5EB281}.Debug.Build.0 = Debug|Win32
		{A8DB4A0D-7642-4DAC-9DD6-A0746E5EB281}.Profile.ActiveCfg = Debug|Win32
		{A8DB4A0D-7642-4DAC-9DD6-A0746E5EB281}.Profile.Build.0 = Debug|Win32
		{A8DB4A0D-7642-4DAC-9DD6-A0746E5EB281}.Release.ActiveCfg = Release|Win32
		{A8DB4A0D-7642-4DAC-9DD6-A0746E5EB281}.Release.Build.0 = Release|Win32
		{172C91EC-5348-4C88-A1D2-72B49AF065D1}.Debug.ActiveCfg = Debug|Win32
		{172C91EC-5348-4C88-A1D2-72B49AF065D1}.Debug.Build.0 = Debug|Win32
		{172C91EC-5348-4C88-A1D2-72B49AF065D1}.Profile.ActiveCfg = Profile|Win32
		{172C91EC-5348-4C88-A1D2-72B49AF065D1}.Profile.Build.0 = Profile|Win32
		{172C91EC-5348-4C88-A1D2-72B49AF065D1}.Release.ActiveCfg = Release|Win32
		{172C91EC-5348-4C88-A1D2-72B49AF065D1}.Release.Build.0 = Release|Win32
		{F9F973F0-5111-4BA1-B8FB-58A56CD6CFE7}.Debug.ActiveCfg = Debug|Win32
		{F9F973F0-5111-4BA1-B8FB-58A56CD6CFE7}.Debug.Build.0 = Debug|Win32
		{F9F973F0-5111-4BA1-B8FB-58A56CD6CFE7}.Profile.ActiveCfg = Debug|Win32
		{F9F973F0-5111-4BA1-B8FB-58A56CD6CFE7}.Profile.Build.0 = Debug|Win32
		{F9F973F0-5111-4BA1-B8FB-58A56CD6CFE7}.Release.ActiveCfg = Release|Win32
		{F9F973F0-5111-4BA1-B8FB-58A56CD6CFE7}.Release.Build.0 = Release|Win32
		{DD41B157-98ED-4E30-9FFD-4348450E936E}.Debug.ActiveCfg = Debug|Win32
		{DD41B157-98ED-4E30-9FFD-4348450E936E}.Debug.Build.0 = Debug|Win32
		{DD41B157-98ED-4E30-9FFD-4348450E936E}.Profile.ActiveCfg = Profile|Win32
		{DD41B157-98ED-4E30-9FFD-4348450E936E}.Profile.Build.0 = Profile|Win32
		{DD41B157-98ED-4E30-9FFD-4348450E936E}.Release.ActiveCfg = Release|Win32
		{DD41B157-98ED-4E30-9FFD-4348450E936E}.Release.Build.0 = Release|Win32
		{35959293-750C-40CB-8B60-7ABE4557E619}.Debug.ActiveCfg = Debug|Win32
		{35959293-750C-40CB-8B60-7ABE4557E619}.Debug.Build.0 = Debug|Win32
		{35959293-750C-40CB-8B60-7ABE4557E619}.Profile.ActiveCfg = Profile|Win32
		{35959293-750C-40CB-8B60-7ABE4557E619}.Profile.Build.0 = Profile|Win32
		{35959293-750C-40CB-8B60-7ABE4557E619}.Release.ActiveCfg = Release|Win32
		{35959293-750C-40CB-8B60-7ABE4557E619}.Release.Build.0 = Release|Win32
		{A3619E23-0DEB-42B2-A011-22F18F5F4435}.Debug.ActiveCfg = Debug|Win32
		{A3619E23-0DEB-42B2-A011-22F18F5F4435}.Debug.Build.0 = Debug|Win32
		{A3619E23-0DEB-42B2-A011-22F18F5F4435}.Profile.ActiveCfg = Profile|Win32
		{A3619E23-0DEB-42B2-A011-22F18F5F4435}.Profile.Build.0 = Profile|Win32
		{A3619E23-0DEB-42B2-A011-22F18F5F4435}.Release.ActiveCfg = Release|Win32
		{A3619E23-0DEB-42B2-A011-22F18F5F4435}.Release.Build.0 = Release|Win32
		{D27ABE31-3EBC-4686-963D-5AFE7A10EFDB}.Debug.ActiveCfg = Debug|Win32
		{D27ABE31-3EBC-4686-963D-5AFE7A10EFDB}.Debug.Build.0 = Debug|Win32
		{D27ABE31-3EBC-4686-963D-5AFE7A10EFDB}.Profile.ActiveCfg = Profile|Win32
		{D27ABE31-3EBC-4686-963D-5AFE7A10EFDB}.Profile.Build.0 = Profile|Win32
		{D27ABE31-3EBC-4686-963D-5AFE7A10EFDB}.Release.ActiveCfg = Release|Win32
		{D27ABE31-3EBC-4686-963D-5AFE7A10EFDB}.Release.Build.0 = Release|Win32
		{61C48469-C0D5-4244-8A65-D38286536F5E}.Debug.ActiveCfg = Debug|Win32
		{61C48469-C0D5-4244-8A65-D38286536F5E}.Debug.Build.0 = Debug|Win32
		{61C48469-C0D5-4244-8A65-D38286536F5E}.Profile.ActiveCfg = Profile|Win32
		{61C48469-C0D5-4244-8A65-D38286536F5E}.Profile.Build.0 = Profile|Win32
		{61C48469-C0D5-4244-8A65-D38286536F5E}.Release.ActiveCfg = Release|Win32
		{61C48469-C0D5-4244-8A65-D38286536F5E}.Release.Build.0 = Release|Win32
		{9B3D3488-8612-432E-9A7A-8E729AC07EAF}.Debug.ActiveCfg = Debug|Win32
		{9B3D3488-8612-432E-9A7A-8E729AC07EAF}.Debug.Build.0 = Debug|Win32
		{9B3D3488-8612-432E-9A7A-8E729AC07EAF}.Profile.ActiveCfg = Profile|Win32
		{9B3D3488-8612-432E-9A7A-8E729AC07EAF}.Profile.Build.0 = Profile|Win32
		{9B3D3488-8612-432E-9A7A-8E729AC07EAF}.Release.ActiveCfg = Release|Win32
		{9B3D3488-8612-432E-9A7A-8E729AC07EAF}.Release.Build.0 = Release|Win32
		{18329A05-93F1-489A-8FE1-94766DAF502D}.Debug.ActiveCfg = Debug|Win32
		{18329A05-93F1-489A-8FE1-94766DAF502D}.Debug.Build.0 = Debug|Win32
		{18329A05-93F1-489A-8FE1-94766DAF502D}.Profile.ActiveCfg = Profile|Win32
		{18329A05-93F1-489A-8FE1-94766DAF502D}.Profile.Build.0 = Profile|Win32
		{18329A05-93F1-489A-8FE1-94766DAF502D}.Release.ActiveCfg = Release|Win32
		{18329A05-93F1-489A-8FE1-94766DAF502D}.Release.Build.0 = Release|Win32
		{EDFBC1A4-0303-4F3F-A65B-F5E0AAA34767}.Debug.ActiveCfg = Debug|Win32
		{EDFBC1A4-0303-4F3F-A65B-F5E0AAA34767}.Debug.Build.0 = Debug|Win32
		{EDFBC1A4-0303-4F3F-A65B-F5E0AAA34767}.Profile.ActiveCfg = Profile|Win32
		{EDFBC1A4-0303-4F3F-A65B-F5E0AAA34767}.Profile.Build.0 = Profile|Win32
		{EDFBC1A4-0303-4F3F-A65B-F5E0AAA34767}.Release.ActiveCfg = Release|Win32
		{EDFBC1A4-0303-4F3F-A65B-F5E0AAA34767}.Release.Build.0 = Release|Win32
		{824A744B-9542-4531-93EA-081E0C2DA01F}.Debug.ActiveCfg = Debug|Win32
		{824A744B-9542-4531-93EA-081E0C2DA01F}.Debug.Build.0 = Debug|Win32
		{824A744B-9542-4531-93EA-081E0C2DA01F}.Profile.ActiveCfg = Debug|Win32
		{824A744B-9542-4531-93EA-081E0C2DA01F}.Profile.Build.0 = Debug|Win32
		{824A744B-9542-4531-93EA-081E0C2DA01F}.Release.ActiveCfg = Release|Win32
		{824A744B-9542-4531-93EA-081E0C2DA01F}.Release.Build.0 = Release|Win32
		{28C233ED-85DA-4782-A9A1-396573867BA5}.Debug.ActiveCfg = Debug|Win32
		{28C233ED-85DA-4782-A9A1-396573867BA5}.Debug.Build.0 = Debug|Win32
		{28C233ED-85DA-4782-A9A1-396573867BA5}.Profile.ActiveCfg = Profile|Win32
		{28C233ED-85DA-4782-A9A1-396573867BA5}.Profile.Build.0 = Profile|Win32
		{28C233ED-85DA-4782-A9A1-396573867BA5}.Release.ActiveCfg = Release|Win32
		{28C233ED-85DA-4782-A9A1-396573867BA5}.Release.Build.0 = Release|Win32
		{2E9517F1-8862-4FB2-A315-83BD68A51BB6}.Debug.ActiveCfg = Debug|Win32
		{2E9517F1-8862-4FB2-A315-83BD68A51BB6}.Debug.Build.0 = Debug|Win32
		{2E9517F1-8862-4FB2-A315-83BD68A51BB6}.Profile.ActiveCfg = Debug|Win32
		{2E9517F1-8862-4FB2-A315-83BD68A51BB6}.Profile.Build.0 = Debug|Win32
		{2E9517F1-8862-4FB2-A315-83BD68A51BB6}.Release.ActiveCfg = Release|Win32
		{2E9517F1-8862-4FB2-A315-83BD68A51BB6}.Release.Build.0 = Release|Win32
		{5CB8DBA1-F070-4FD9-83C3-47248D3317CF}.Debug.ActiveCfg = Debug|Win32
		{5CB8DBA1-F070-4FD9-83C3-47248D3317CF}.Debug.Build.0 = Debug|Win32
		{5CB8DBA1-F070-4FD9-83C3-47248D3317CF}.Profile.ActiveCfg = Profile|Win32
		{5CB8DBA1-F070-4FD9-83C3-47248D3317CF}.Profile.Build.0 = Profile|Win32
		{5CB8DBA1-F070-4FD9-83C3-47248D3317CF}.Release.ActiveCfg = Release|Win32
		{5CB8DBA1-F070-4FD9-83C3-47248D3317CF}.Release.Build.0 = Release|Win32
		{4D3D78AC-3600-4BF7-8A0F-EFB909576A34}.Debug.ActiveCfg = Debug|Win32
		{4D3D78AC-3600-4BF7-8A0F-EFB909576A34}.Debug.Build.0 = Debug|Win32
		{4D3D78AC-3600-4BF7-8A0F-EFB909576A34}.Profile.ActiveCfg = Profile|Win32
		{4D3D78AC-3600-4BF7-8A0F-EFB909576A34}.Profile.Build.0 = Profile|Win32
		{4D3D78AC-3600-4BF7-8A0F-EFB909576A34}.Release.ActiveCfg = Release|Win32
		{4D3D78AC-3600-4BF7-8A0F-EFB909576A34}.Release.Build.0 = Release|Win32
		{FA05BFE1-7467-4574-936F-7BBCDF46D7A0}.Debug.ActiveCfg = Debug|Win32
		{FA05BFE1-7467-4574-936F-7BBCDF46D7A0}.Debug.Build.0 = Debug|Win32
		{FA05BFE1-7467-4574-936F-7BBCDF46D7A0}.Profile.ActiveCfg = Profile|Win32
		{FA05BFE1-7467-4574-936F-7BBCDF46D7A0}.Profile.Build.0 = Profile|Win32
		{FA05BFE1-7467-4574-936F-7BBCDF46D7A0}.Release.ActiveCfg = Release|Win32
		{FA05BFE1-7467-4574-936F-7BBCDF46D7A0}.Release.Build.0 = Release|Win32
		{BD6184C1-2714-4539-9E0F-483F768B7FEA}.Debug.ActiveCfg = Debug|Win32
		{BD6184C1-2714-4539-9E0F-483F768B7FEA}.Debug.Build.0 = Debug|Win32
		{BD6184C1-2714-4539-9E0F-483F768B7FEA}.Profile.ActiveCfg = Profile|Win32
		{BD6184C1-2714-4539-9E0F-483F768B7FEA}.Profile.Build.0 = Profile|Win32
		{BD6184C1-2714-4539-9E0F-483F768B7FEA}.Release.ActiveCfg = Release|Win32
		{BD6184C1-2714-4539-9E0F-483F768B7FEA}.Release.Build.0 = Release|Win32
		{A70346ED-80B3-433C-A856-08C44D6854C8}.Debug.ActiveCfg = Debug|Win32
		{A70346ED-80B3-433C-A856-08C44D6854C8}.Debug.Build.0 = Debug|Win32
		{A70346ED-80B3-433C-A856-08C44D6854C8}.Profile.ActiveCfg = Profile|Win32
		{A70346ED-80B3-433C-A856-08C44D6854C8}.Profile.Build.0 = Profile|Win32
		{A70346ED-80B3-433C-A856-08C44D6854C8}.Release.ActiveCfg = Release|Win32
		{A70346ED-80B3-433C-A856-08C44D6854C8}.Release.Build.0 = Release|Win32
		{E876EE0E-AC17-4903-BDC9-497838AD2591}.Debug.ActiveCfg = Debug|Win32
		{E876EE0E-AC17-4903-BDC9-497838AD2591}.Debug.Build.0 = Debug|Win32
		{E876EE0E-AC17-4903-BDC9-497838AD2591}.Profile.ActiveCfg = Debug|Win32
		{E876EE0E-AC17-4903-BDC9-497838AD2591}.Profile.Build.0 = Debug|Win32
		{E876EE0E-AC17-4903-BDC9-497838AD2591}.Release.ActiveCfg = Release|Win32
		{E876EE0E-AC17-4903-BDC9-497838AD2591}.Release.Build.0 = Release|Win32
		{23FC1E32-F3C1-4C9D-88F5-80DFE9FAAAC9}.Debug.ActiveCfg = Debug|Win32
		{23FC1E32-F3C1-4C9D-88F5-80DFE9FAAAC9}.Debug.Build.0 = Debug|Win32
		{23FC1E32-F3C1-4C9D-88F5-80DFE9FAAAC9}.Profile.ActiveCfg = Debug|Win32
		{23FC1E32-F3C1-4C9D-88F5-80DFE9FAAAC9}.Profile.Build.0 = Debug|Win32
		{23FC1E32-F3C1-4C9D-88F5-80DFE9FAAAC9}.Release.ActiveCfg = Release|Win32
		{23FC1E32-F3C1-4C9D-88F5-80DFE9FAAAC9}.Release.Build.0 = Release|Win32
		{1301CBB1-AE4E-4128-9136-8944A96E07F1}.Debug.ActiveCfg = Debug|Win32
		{1301CBB1-AE4E-4128-9136-8944A96E07F1}.Debug.Build.0 = Debug|Win32
		{1301CBB1-AE4E-4128-9136-8944A96E07F1}.Profile.ActiveCfg = Profile|Win32
		{1301CBB1-AE4E-4128-9136-8944A96E07F1}.Profile.Build.0 = Profile|Win32
		{1301CBB1-AE4E-4128-9136-8944A96E07F1}.Release.ActiveCfg = Release|Win32
		{1301CBB1-AE4E-4128-9136-8944A96E07F1}.Release.Build.0 = Release|Win32
		{38BB3D8C-3497-4CEA-AF3D-8CD80A472EBD}.Debug.ActiveCfg = Debug|Win32
		{38BB3D8C-3497-4CEA-AF3D-8CD80A472EBD}.Debug.Build.0 = Debug|Win32
		{38BB3D8C-3497-4CEA-AF3D-8CD80A472EBD}.Profile.ActiveCfg = Debug|Win32
		{38BB3D8C-3497-4CEA-AF3D-8CD80A472EBD}.Profile.Build.0 = Debug|Win32
		{38BB3D8C-3497-4CEA-AF3D-8CD80A472EBD}.Release.ActiveCfg = Release|Win32
		{38BB3D8C-3497-4CEA-AF3D-8CD80A472EBD}.Release.Build.0 = Release|Win32
		{899605AF-94B8-4A15-83B6-CFC11C66FE34}.Debug.ActiveCfg = Debug|Win32
		{899605AF-94B8-4A15-83B6-CFC11C66FE34}.Debug.Build.0 = Debug|Win32
		{899605AF-94B8-4A15-83B6-CFC11C66FE34}.Profile.ActiveCfg = Profile|Win32
		{899605AF-94B8-4A15-83B6-CFC11C66FE34}.Profile.Build.0 = Profile|Win32
		{899605AF-94B8-4A15-83B6-CFC11C66FE34}.Release.ActiveCfg = Release|Win32
		{899605AF-94B8-4A15-83B6-CFC11C66FE34}.Release.Build.0 = Release|Win32
	EndGlobalSection
	GlobalSection(ExtensibilityGlobals) = postSolution
	EndGlobalSection
	GlobalSection(ExtensibilityAddIns) = postSolution
	EndGlobalSection
EndGlobal
