Microsoft Visual Studio Solution File, Format Version 12.00
# Visual Studio 14
VisualStudioVersion = 14.0.25420.1
MinimumVisualStudioVersion = 10.0.40219.1
Project("{8BC9CEB8-8B4A-11D0-8D11-00A0C91BC942}") = "XAmpleTestDll", "ample\XAmpleTestDll-2015.vcxproj", "{A8DB4A0D-7642-4DAC-9DD6-A0746E5EB281}"
EndProject
Project("{8BC9CEB8-8B4A-11D0-8D11-00A0C91BC942}") = "ample", "ample\Ample-2015.vcxproj", "{172C91EC-5348-4C88-A1D2-72B49AF065D1}"
EndProject
Project("{8BC9CEB8-8B4A-11D0-8D11-00A0C91BC942}") = "ampledll", "ample\Ampledll-2015.vcxproj", "{F9F973F0-5111-4BA1-B8FB-58A56CD6CFE7}"
EndProject
Project("{8BC9CEB8-8B4A-11D0-8D11-00A0C91BC942}") = "amplelib", "ample\Amplelib-2015.vcxproj", "{DD41B157-98ED-4E30-9FFD-4348450E936E}"
	ProjectSection(ProjectDependencies) = postProject
		{D27ABE31-3EBC-4686-963D-5AFE7A10EFDB} = {D27ABE31-3EBC-4686-963D-5AFE7A10EFDB}
		{28C233ED-85DA-4782-A9A1-396573867BA5} = {28C233ED-85DA-4782-A9A1-396573867BA5}
	EndProjectSection
EndProject
Project("{8BC9CEB8-8B4A-11D0-8D11-00A0C91BC942}") = "anadiff", "anadiff\Anadiff-2015.vcxproj", "{35959293-750C-40CB-8B60-7ABE4557E619}"
EndProject
Project("{8BC9CEB8-8B4A-11D0-8D11-00A0C91BC942}") = "cmdlib", "cmdlib\Cmdlib-2015.vcxproj", "{A3619E23-0DEB-42B2-A011-22F18F5F4435}"
EndProject
Project("{8BC9CEB8-8B4A-11D0-8D11-00A0C91BC942}") = "cportlib", "cportlib\Cportlib-2015.vcxproj", "{D27ABE31-3EBC-4686-963D-5AFE7A10EFDB}"
EndProject
Project("{8BC9CEB8-8B4A-11D0-8D11-00A0C91BC942}") = "intergen", "intergen\Intergen-2015.vcxproj", "{61C48469-C0D5-4244-8A65-D38286536F5E}"
EndProject
Project("{8BC9CEB8-8B4A-11D0-8D11-00A0C91BC942}") = "kimmolib", "pckimmo\Kimmolib-2015.vcxproj", "{9B3D3488-8612-432E-9A7A-8E729AC07EAF}"
EndProject
Project("{8BC9CEB8-8B4A-11D0-8D11-00A0C91BC942}") = "ktagger", "ktagger\Ktagger-2015.vcxproj", "{18329A05-93F1-489A-8FE1-94766DAF502D}"
EndProject
Project("{8BC9CEB8-8B4A-11D0-8D11-00A0C91BC942}") = "ktext", "ktext\Ktext-2015.vcxproj", "{EDFBC1A4-0303-4F3F-A65B-F5E0AAA34767}"
EndProject
Project("{8BC9CEB8-8B4A-11D0-8D11-00A0C91BC942}") = "llample", "ample\Llample-2015.vcxproj", "{824A744B-9542-4531-93EA-081E0C2DA01F}"
EndProject
Project("{8BC9CEB8-8B4A-11D0-8D11-00A0C91BC942}") = "opaclib", "opaclib\Opaclib-2015.vcxproj", "{28C233ED-85DA-4782-A9A1-396573867BA5}"
EndProject
Project("{8BC9CEB8-8B4A-11D0-8D11-00A0C91BC942}") = "patr100", "pcpatr\Patr100-2015.vcxproj", "{2E9517F1-8862-4FB2-A315-83BD68A51BB6}"
EndProject
Project("{8BC9CEB8-8B4A-11D0-8D11-00A0C91BC942}") = "patrlib", "pcpatr\Patrlib-2015.vcxproj", "{5CB8DBA1-F070-4FD9-83C3-47248D3317CF}"
EndProject
Project("{8BC9CEB8-8B4A-11D0-8D11-00A0C91BC942}") = "pckimmo", "pckimmo\Pckimmo-2015.vcxproj", "{4D3D78AC-3600-4BF7-8A0F-EFB909576A34}"
EndProject
Project("{8BC9CEB8-8B4A-11D0-8D11-00A0C91BC942}") = "pcpatr", "pcpatr\Pcpatr-2015.vcxproj", "{FA05BFE1-7467-4574-936F-7BBCDF46D7A0}"
EndProject
Project("{8BC9CEB8-8B4A-11D0-8D11-00A0C91BC942}") = "stamp", "stamp\Stamp-2015.vcxproj", "{BD6184C1-2714-4539-9E0F-483F768B7FEA}"
EndProject
Project("{8BC9CEB8-8B4A-11D0-8D11-00A0C91BC942}") = "stamplib", "stamp\Stamplib-2015.vcxproj", "{A70346ED-80B3-433C-A856-08C44D6854C8}"
EndProject
Project("{8BC9CEB8-8B4A-11D0-8D11-00A0C91BC942}") = "testdll", "ample\Testdll-2015.vcxproj", "{E876EE0E-AC17-4903-BDC9-497838AD2591}"
EndProject
Project("{8BC9CEB8-8B4A-11D0-8D11-00A0C91BC942}") = "wllample", "ample\Wllample-2015.vcxproj", "{23FC1E32-F3C1-4C9D-88F5-80DFE9FAAAC9}"
EndProject
Project("{8BC9CEB8-8B4A-11D0-8D11-00A0C91BC942}") = "xample", "ample\Xample-2015.vcxproj", "{1301CBB1-AE4E-4128-9136-8944A96E07F1}"
EndProject
Project("{8BC9CEB8-8B4A-11D0-8D11-00A0C91BC942}") = "xampledll", "ample\XAmpledll-2015.vcxproj", "{38BB3D8C-3497-4CEA-AF3D-8CD80A472EBD}"
EndProject
Project("{8BC9CEB8-8B4A-11D0-8D11-00A0C91BC942}") = "xamplelib", "ample\XAmplelib-2015.vcxproj", "{899605AF-94B8-4A15-83B6-CFC11C66FE34}"
	ProjectSection(ProjectDependencies) = postProject
		{D27ABE31-3EBC-4686-963D-5AFE7A10EFDB} = {D27ABE31-3EBC-4686-963D-5AFE7A10EFDB}
		{DD41B157-98ED-4E30-9FFD-4348450E936E} = {DD41B157-98ED-4E30-9FFD-4348450E936E}
		{28C233ED-85DA-4782-A9A1-396573867BA5} = {28C233ED-85DA-4782-A9A1-396573867BA5}
	EndProjectSection
EndProject
Global
	GlobalSection(SolutionConfigurationPlatforms) = preSolution
		Debug|Win32 = Debug|Win32
		Debug|x64 = Debug|x64
		Profile|Win32 = Profile|Win32
		Profile|x64 = Profile|x64
		Release|Win32 = Release|Win32
		Release|x64 = Release|x64
	EndGlobalSection
	GlobalSection(ProjectConfigurationPlatforms) = postSolution
		{A8DB4A0D-7642-4DAC-9DD6-A0746E5EB281}.Debug|Win32.ActiveCfg = Debug|Win32
		{A8DB4A0D-7642-4DAC-9DD6-A0746E5EB281}.Debug|Win32.Build.0 = Debug|Win32
		{A8DB4A0D-7642-4DAC-9DD6-A0746E5EB281}.Debug|x64.ActiveCfg = Debug|x64
		{A8DB4A0D-7642-4DAC-9DD6-A0746E5EB281}.Debug|x64.Build.0 = Debug|x64
		{A8DB4A0D-7642-4DAC-9DD6-A0746E5EB281}.Profile|Win32.ActiveCfg = Release|Win32
		{A8DB4A0D-7642-4DAC-9DD6-A0746E5EB281}.Profile|Win32.Build.0 = Release|Win32
		{A8DB4A0D-7642-4DAC-9DD6-A0746E5EB281}.Profile|x64.ActiveCfg = Release|x64
		{A8DB4A0D-7642-4DAC-9DD6-A0746E5EB281}.Profile|x64.Build.0 = Release|x64
		{A8DB4A0D-7642-4DAC-9DD6-A0746E5EB281}.Release|Win32.ActiveCfg = Release|Win32
		{A8DB4A0D-7642-4DAC-9DD6-A0746E5EB281}.Release|Win32.Build.0 = Release|Win32
		{A8DB4A0D-7642-4DAC-9DD6-A0746E5EB281}.Release|x64.ActiveCfg = Release|x64
		{A8DB4A0D-7642-4DAC-9DD6-A0746E5EB281}.Release|x64.Build.0 = Release|x64
		{172C91EC-5348-4C88-A1D2-72B49AF065D1}.Debug|Win32.ActiveCfg = Debug|Win32
		{172C91EC-5348-4C88-A1D2-72B49AF065D1}.Debug|Win32.Build.0 = Debug|Win32
		{172C91EC-5348-4C88-A1D2-72B49AF065D1}.Debug|x64.ActiveCfg = Debug|x64
		{172C91EC-5348-4C88-A1D2-72B49AF065D1}.Debug|x64.Build.0 = Debug|x64
		{172C91EC-5348-4C88-A1D2-72B49AF065D1}.Profile|Win32.ActiveCfg = Release|Win32
		{172C91EC-5348-4C88-A1D2-72B49AF065D1}.Profile|Win32.Build.0 = Release|Win32
		{172C91EC-5348-4C88-A1D2-72B49AF065D1}.Profile|x64.ActiveCfg = Profile|x64
		{172C91EC-5348-4C88-A1D2-72B49AF065D1}.Profile|x64.Build.0 = Profile|x64
		{172C91EC-5348-4C88-A1D2-72B49AF065D1}.Release|Win32.ActiveCfg = Release|Win32
		{172C91EC-5348-4C88-A1D2-72B49AF065D1}.Release|Win32.Build.0 = Release|Win32
		{172C91EC-5348-4C88-A1D2-72B49AF065D1}.Release|x64.ActiveCfg = Release|x64
		{172C91EC-5348-4C88-A1D2-72B49AF065D1}.Release|x64.Build.0 = Release|x64
		{F9F973F0-5111-4BA1-B8FB-58A56CD6CFE7}.Debug|Win32.ActiveCfg = Debug|Win32
		{F9F973F0-5111-4BA1-B8FB-58A56CD6CFE7}.Debug|Win32.Build.0 = Debug|Win32
		{F9F973F0-5111-4BA1-B8FB-58A56CD6CFE7}.Debug|x64.ActiveCfg = Debug|x64
		{F9F973F0-5111-4BA1-B8FB-58A56CD6CFE7}.Debug|x64.Build.0 = Debug|x64
		{F9F973F0-5111-4BA1-B8FB-58A56CD6CFE7}.Profile|Win32.ActiveCfg = Release|Win32
		{F9F973F0-5111-4BA1-B8FB-58A56CD6CFE7}.Profile|Win32.Build.0 = Release|Win32
		{F9F973F0-5111-4BA1-B8FB-58A56CD6CFE7}.Profile|x64.ActiveCfg = Release|x64
		{F9F973F0-5111-4BA1-B8FB-58A56CD6CFE7}.Profile|x64.Build.0 = Release|x64
		{F9F973F0-5111-4BA1-B8FB-58A56CD6CFE7}.Release|Win32.ActiveCfg = Release|Win32
		{F9F973F0-5111-4BA1-B8FB-58A56CD6CFE7}.Release|Win32.Build.0 = Release|Win32
		{F9F973F0-5111-4BA1-B8FB-58A56CD6CFE7}.Release|x64.ActiveCfg = Release|x64
		{F9F973F0-5111-4BA1-B8FB-58A56CD6CFE7}.Release|x64.Build.0 = Release|x64
		{DD41B157-98ED-4E30-9FFD-4348450E936E}.Debug|Win32.ActiveCfg = Debug|Win32
		{DD41B157-98ED-4E30-9FFD-4348450E936E}.Debug|Win32.Build.0 = Debug|Win32
		{DD41B157-98ED-4E30-9FFD-4348450E936E}.Debug|x64.ActiveCfg = Debug|x64
		{DD41B157-98ED-4E30-9FFD-4348450E936E}.Debug|x64.Build.0 = Debug|x64
		{DD41B157-98ED-4E30-9FFD-4348450E936E}.Profile|Win32.ActiveCfg = Release|Win32
		{DD41B157-98ED-4E30-9FFD-4348450E936E}.Profile|Win32.Build.0 = Release|Win32
		{DD41B157-98ED-4E30-9FFD-4348450E936E}.Profile|x64.ActiveCfg = Profile|x64
		{DD41B157-98ED-4E30-9FFD-4348450E936E}.Profile|x64.Build.0 = Profile|x64
		{DD41B157-98ED-4E30-9FFD-4348450E936E}.Release|Win32.ActiveCfg = Release|Win32
		{DD41B157-98ED-4E30-9FFD-4348450E936E}.Release|Win32.Build.0 = Release|Win32
		{DD41B157-98ED-4E30-9FFD-4348450E936E}.Release|x64.ActiveCfg = Release|x64
		{DD41B157-98ED-4E30-9FFD-4348450E936E}.Release|x64.Build.0 = Release|x64
		{35959293-750C-40CB-8B60-7ABE4557E619}.Debug|Win32.ActiveCfg = Debug|Win32
		{35959293-750C-40CB-8B60-7ABE4557E619}.Debug|Win32.Build.0 = Debug|Win32
		{35959293-750C-40CB-8B60-7ABE4557E619}.Debug|x64.ActiveCfg = Debug|x64
		{35959293-750C-40CB-8B60-7ABE4557E619}.Debug|x64.Build.0 = Debug|x64
		{35959293-750C-40CB-8B60-7ABE4557E619}.Profile|Win32.ActiveCfg = Release|Win32
		{35959293-750C-40CB-8B60-7ABE4557E619}.Profile|Win32.Build.0 = Release|Win32
		{35959293-750C-40CB-8B60-7ABE4557E619}.Profile|x64.ActiveCfg = Profile|x64
		{35959293-750C-40CB-8B60-7ABE4557E619}.Profile|x64.Build.0 = Profile|x64
		{35959293-750C-40CB-8B60-7ABE4557E619}.Release|Win32.ActiveCfg = Release|Win32
		{35959293-750C-40CB-8B60-7ABE4557E619}.Release|Win32.Build.0 = Release|Win32
		{35959293-750C-40CB-8B60-7ABE4557E619}.Release|x64.ActiveCfg = Release|x64
		{35959293-750C-40CB-8B60-7ABE4557E619}.Release|x64.Build.0 = Release|x64
		{A3619E23-0DEB-42B2-A011-22F18F5F4435}.Debug|Win32.ActiveCfg = Debug|Win32
		{A3619E23-0DEB-42B2-A011-22F18F5F4435}.Debug|Win32.Build.0 = Debug|Win32
		{A3619E23-0DEB-42B2-A011-22F18F5F4435}.Debug|x64.ActiveCfg = Debug|x64
		{A3619E23-0DEB-42B2-A011-22F18F5F4435}.Debug|x64.Build.0 = Debug|x64
		{A3619E23-0DEB-42B2-A011-22F18F5F4435}.Profile|Win32.ActiveCfg = Release|Win32
		{A3619E23-0DEB-42B2-A011-22F18F5F4435}.Profile|Win32.Build.0 = Release|Win32
		{A3619E23-0DEB-42B2-A011-22F18F5F4435}.Profile|x64.ActiveCfg = Profile|x64
		{A3619E23-0DEB-42B2-A011-22F18F5F4435}.Profile|x64.Build.0 = Profile|x64
		{A3619E23-0DEB-42B2-A011-22F18F5F4435}.Release|Win32.ActiveCfg = Release|Win32
		{A3619E23-0DEB-42B2-A011-22F18F5F4435}.Release|Win32.Build.0 = Release|Win32
		{A3619E23-0DEB-42B2-A011-22F18F5F4435}.Release|x64.ActiveCfg = Release|x64
		{A3619E23-0DEB-42B2-A011-22F18F5F4435}.Release|x64.Build.0 = Release|x64
		{D27ABE31-3EBC-4686-963D-5AFE7A10EFDB}.Debug|Win32.ActiveCfg = Debug|Win32
		{D27ABE31-3EBC-4686-963D-5AFE7A10EFDB}.Debug|Win32.Build.0 = Debug|Win32
		{D27ABE31-3EBC-4686-963D-5AFE7A10EFDB}.Debug|x64.ActiveCfg = Debug|x64
		{D27ABE31-3EBC-4686-963D-5AFE7A10EFDB}.Debug|x64.Build.0 = Debug|x64
		{D27ABE31-3EBC-4686-963D-5AFE7A10EFDB}.Profile|Win32.ActiveCfg = Release|Win32
		{D27ABE31-3EBC-4686-963D-5AFE7A10EFDB}.Profile|Win32.Build.0 = Release|Win32
		{D27ABE31-3EBC-4686-963D-5AFE7A10EFDB}.Profile|x64.ActiveCfg = Profile|x64
		{D27ABE31-3EBC-4686-963D-5AFE7A10EFDB}.Profile|x64.Build.0 = Profile|x64
		{D27ABE31-3EBC-4686-963D-5AFE7A10EFDB}.Release|Win32.ActiveCfg = Release|Win32
		{D27ABE31-3EBC-4686-963D-5AFE7A10EFDB}.Release|Win32.Build.0 = Release|Win32
		{D27ABE31-3EBC-4686-963D-5AFE7A10EFDB}.Release|x64.ActiveCfg = Release|x64
		{D27ABE31-3EBC-4686-963D-5AFE7A10EFDB}.Release|x64.Build.0 = Release|x64
		{61C48469-C0D5-4244-8A65-D38286536F5E}.Debug|Win32.ActiveCfg = Debug|Win32
		{61C48469-C0D5-4244-8A65-D38286536F5E}.Debug|Win32.Build.0 = Debug|Win32
		{61C48469-C0D5-4244-8A65-D38286536F5E}.Debug|x64.ActiveCfg = Debug|x64
		{61C48469-C0D5-4244-8A65-D38286536F5E}.Debug|x64.Build.0 = Debug|x64
		{61C48469-C0D5-4244-8A65-D38286536F5E}.Profile|Win32.ActiveCfg = Release|Win32
		{61C48469-C0D5-4244-8A65-D38286536F5E}.Profile|Win32.Build.0 = Release|Win32
		{61C48469-C0D5-4244-8A65-D38286536F5E}.Profile|x64.ActiveCfg = Profile|x64
		{61C48469-C0D5-4244-8A65-D38286536F5E}.Profile|x64.Build.0 = Profile|x64
		{61C48469-C0D5-4244-8A65-D38286536F5E}.Release|Win32.ActiveCfg = Release|Win32
		{61C48469-C0D5-4244-8A65-D38286536F5E}.Release|Win32.Build.0 = Release|Win32
		{61C48469-C0D5-4244-8A65-D38286536F5E}.Release|x64.ActiveCfg = Release|x64
		{61C48469-C0D5-4244-8A65-D38286536F5E}.Release|x64.Build.0 = Release|x64
		{9B3D3488-8612-432E-9A7A-8E729AC07EAF}.Debug|Win32.ActiveCfg = Debug|Win32
		{9B3D3488-8612-432E-9A7A-8E729AC07EAF}.Debug|Win32.Build.0 = Debug|Win32
		{9B3D3488-8612-432E-9A7A-8E729AC07EAF}.Debug|x64.ActiveCfg = Debug|x64
		{9B3D3488-8612-432E-9A7A-8E729AC07EAF}.Debug|x64.Build.0 = Debug|x64
		{9B3D3488-8612-432E-9A7A-8E729AC07EAF}.Profile|Win32.ActiveCfg = Release|Win32
		{9B3D3488-8612-432E-9A7A-8E729AC07EAF}.Profile|Win32.Build.0 = Release|Win32
		{9B3D3488-8612-432E-9A7A-8E729AC07EAF}.Profile|x64.ActiveCfg = Profile|x64
		{9B3D3488-8612-432E-9A7A-8E729AC07EAF}.Profile|x64.Build.0 = Profile|x64
		{9B3D3488-8612-432E-9A7A-8E729AC07EAF}.Release|Win32.ActiveCfg = Release|Win32
		{9B3D3488-8612-432E-9A7A-8E729AC07EAF}.Release|Win32.Build.0 = Release|Win32
		{9B3D3488-8612-432E-9A7A-8E729AC07EAF}.Release|x64.ActiveCfg = Release|x64
		{9B3D3488-8612-432E-9A7A-8E729AC07EAF}.Release|x64.Build.0 = Release|x64
		{18329A05-93F1-489A-8FE1-94766DAF502D}.Debug|Win32.ActiveCfg = Debug|Win32
		{18329A05-93F1-489A-8FE1-94766DAF502D}.Debug|Win32.Build.0 = Debug|Win32
		{18329A05-93F1-489A-8FE1-94766DAF502D}.Debug|x64.ActiveCfg = Debug|x64
		{18329A05-93F1-489A-8FE1-94766DAF502D}.Debug|x64.Build.0 = Debug|x64
		{18329A05-93F1-489A-8FE1-94766DAF502D}.Profile|Win32.ActiveCfg = Release|Win32
		{18329A05-93F1-489A-8FE1-94766DAF502D}.Profile|Win32.Build.0 = Release|Win32
		{18329A05-93F1-489A-8FE1-94766DAF502D}.Profile|x64.ActiveCfg = Profile|x64
		{18329A05-93F1-489A-8FE1-94766DAF502D}.Profile|x64.Build.0 = Profile|x64
		{18329A05-93F1-489A-8FE1-94766DAF502D}.Release|Win32.ActiveCfg = Release|Win32
		{18329A05-93F1-489A-8FE1-94766DAF502D}.Release|Win32.Build.0 = Release|Win32
		{18329A05-93F1-489A-8FE1-94766DAF502D}.Release|x64.ActiveCfg = Release|x64
		{18329A05-93F1-489A-8FE1-94766DAF502D}.Release|x64.Build.0 = Release|x64
		{EDFBC1A4-0303-4F3F-A65B-F5E0AAA34767}.Debug|Win32.ActiveCfg = Debug|Win32
		{EDFBC1A4-0303-4F3F-A65B-F5E0AAA34767}.Debug|Win32.Build.0 = Debug|Win32
		{EDFBC1A4-0303-4F3F-A65B-F5E0AAA34767}.Debug|x64.ActiveCfg = Debug|x64
		{EDFBC1A4-0303-4F3F-A65B-F5E0AAA34767}.Debug|x64.Build.0 = Debug|x64
		{EDFBC1A4-0303-4F3F-A65B-F5E0AAA34767}.Profile|Win32.ActiveCfg = Release|Win32
		{EDFBC1A4-0303-4F3F-A65B-F5E0AAA34767}.Profile|Win32.Build.0 = Release|Win32
		{EDFBC1A4-0303-4F3F-A65B-F5E0AAA34767}.Profile|x64.ActiveCfg = Profile|x64
		{EDFBC1A4-0303-4F3F-A65B-F5E0AAA34767}.Profile|x64.Build.0 = Profile|x64
		{EDFBC1A4-0303-4F3F-A65B-F5E0AAA34767}.Release|Win32.ActiveCfg = Release|Win32
		{EDFBC1A4-0303-4F3F-A65B-F5E0AAA34767}.Release|Win32.Build.0 = Release|Win32
		{EDFBC1A4-0303-4F3F-A65B-F5E0AAA34767}.Release|x64.ActiveCfg = Release|x64
		{EDFBC1A4-0303-4F3F-A65B-F5E0AAA34767}.Release|x64.Build.0 = Release|x64
		{824A744B-9542-4531-93EA-081E0C2DA01F}.Debug|Win32.ActiveCfg = Debug|Win32
		{824A744B-9542-4531-93EA-081E0C2DA01F}.Debug|Win32.Build.0 = Debug|Win32
		{824A744B-9542-4531-93EA-081E0C2DA01F}.Debug|x64.ActiveCfg = Debug|x64
		{824A744B-9542-4531-93EA-081E0C2DA01F}.Debug|x64.Build.0 = Debug|x64
		{824A744B-9542-4531-93EA-081E0C2DA01F}.Profile|Win32.ActiveCfg = Release|Win32
		{824A744B-9542-4531-93EA-081E0C2DA01F}.Profile|Win32.Build.0 = Release|Win32
		{824A744B-9542-4531-93EA-081E0C2DA01F}.Profile|x64.ActiveCfg = Release|x64
		{824A744B-9542-4531-93EA-081E0C2DA01F}.Profile|x64.Build.0 = Release|x64
		{824A744B-9542-4531-93EA-081E0C2DA01F}.Release|Win32.ActiveCfg = Release|Win32
		{824A744B-9542-4531-93EA-081E0C2DA01F}.Release|Win32.Build.0 = Release|Win32
		{824A744B-9542-4531-93EA-081E0C2DA01F}.Release|x64.ActiveCfg = Release|x64
		{824A744B-9542-4531-93EA-081E0C2DA01F}.Release|x64.Build.0 = Release|x64
		{28C233ED-85DA-4782-A9A1-396573867BA5}.Debug|Win32.ActiveCfg = Debug|Win32
		{28C233ED-85DA-4782-A9A1-396573867BA5}.Debug|Win32.Build.0 = Debug|Win32
		{28C233ED-85DA-4782-A9A1-396573867BA5}.Debug|x64.ActiveCfg = Debug|x64
		{28C233ED-85DA-4782-A9A1-396573867BA5}.Debug|x64.Build.0 = Debug|x64
		{28C233ED-85DA-4782-A9A1-396573867BA5}.Profile|Win32.ActiveCfg = Release|Win32
		{28C233ED-85DA-4782-A9A1-396573867BA5}.Profile|Win32.Build.0 = Release|Win32
		{28C233ED-85DA-4782-A9A1-396573867BA5}.Profile|x64.ActiveCfg = Profile|x64
		{28C233ED-85DA-4782-A9A1-396573867BA5}.Profile|x64.Build.0 = Profile|x64
		{28C233ED-85DA-4782-A9A1-396573867BA5}.Release|Win32.ActiveCfg = Release|Win32
		{28C233ED-85DA-4782-A9A1-396573867BA5}.Release|Win32.Build.0 = Release|Win32
		{28C233ED-85DA-4782-A9A1-396573867BA5}.Release|x64.ActiveCfg = Release|x64
		{28C233ED-85DA-4782-A9A1-396573867BA5}.Release|x64.Build.0 = Release|x64
		{2E9517F1-8862-4FB2-A315-83BD68A51BB6}.Debug|Win32.ActiveCfg = Debug|Win32
		{2E9517F1-8862-4FB2-A315-83BD68A51BB6}.Debug|Win32.Build.0 = Debug|Win32
		{2E9517F1-8862-4FB2-A315-83BD68A51BB6}.Debug|x64.ActiveCfg = Debug|x64
		{2E9517F1-8862-4FB2-A315-83BD68A51BB6}.Debug|x64.Build.0 = Debug|x64
		{2E9517F1-8862-4FB2-A315-83BD68A51BB6}.Profile|Win32.ActiveCfg = Release|Win32
		{2E9517F1-8862-4FB2-A315-83BD68A51BB6}.Profile|Win32.Build.0 = Release|Win32
		{2E9517F1-8862-4FB2-A315-83BD68A51BB6}.Profile|x64.ActiveCfg = Release|x64
		{2E9517F1-8862-4FB2-A315-83BD68A51BB6}.Profile|x64.Build.0 = Release|x64
		{2E9517F1-8862-4FB2-A315-83BD68A51BB6}.Release|Win32.ActiveCfg = Release|Win32
		{2E9517F1-8862-4FB2-A315-83BD68A51BB6}.Release|Win32.Build.0 = Release|Win32
		{2E9517F1-8862-4FB2-A315-83BD68A51BB6}.Release|x64.ActiveCfg = Release|x64
		{2E9517F1-8862-4FB2-A315-83BD68A51BB6}.Release|x64.Build.0 = Release|x64
		{5CB8DBA1-F070-4FD9-83C3-47248D3317CF}.Debug|Win32.ActiveCfg = Debug|Win32
		{5CB8DBA1-F070-4FD9-83C3-47248D3317CF}.Debug|Win32.Build.0 = Debug|Win32
		{5CB8DBA1-F070-4FD9-83C3-47248D3317CF}.Debug|x64.ActiveCfg = Debug|x64
		{5CB8DBA1-F070-4FD9-83C3-47248D3317CF}.Debug|x64.Build.0 = Debug|x64
		{5CB8DBA1-F070-4FD9-83C3-47248D3317CF}.Profile|Win32.ActiveCfg = Release|Win32
		{5CB8DBA1-F070-4FD9-83C3-47248D3317CF}.Profile|Win32.Build.0 = Release|Win32
		{5CB8DBA1-F070-4FD9-83C3-47248D3317CF}.Profile|x64.ActiveCfg = Profile|x64
		{5CB8DBA1-F070-4FD9-83C3-47248D3317CF}.Profile|x64.Build.0 = Profile|x64
		{5CB8DBA1-F070-4FD9-83C3-47248D3317CF}.Release|Win32.ActiveCfg = Release|Win32
		{5CB8DBA1-F070-4FD9-83C3-47248D3317CF}.Release|Win32.Build.0 = Release|Win32
		{5CB8DBA1-F070-4FD9-83C3-47248D3317CF}.Release|x64.ActiveCfg = Release|x64
		{5CB8DBA1-F070-4FD9-83C3-47248D3317CF}.Release|x64.Build.0 = Release|x64
		{4D3D78AC-3600-4BF7-8A0F-EFB909576A34}.Debug|Win32.ActiveCfg = Debug|Win32
		{4D3D78AC-3600-4BF7-8A0F-EFB909576A34}.Debug|Win32.Build.0 = Debug|Win32
		{4D3D78AC-3600-4BF7-8A0F-EFB909576A34}.Debug|x64.ActiveCfg = Debug|x64
		{4D3D78AC-3600-4BF7-8A0F-EFB909576A34}.Debug|x64.Build.0 = Debug|x64
		{4D3D78AC-3600-4BF7-8A0F-EFB909576A34}.Profile|Win32.ActiveCfg = Release|Win32
		{4D3D78AC-3600-4BF7-8A0F-EFB909576A34}.Profile|Win32.Build.0 = Release|Win32
		{4D3D78AC-3600-4BF7-8A0F-EFB909576A34}.Profile|x64.ActiveCfg = Profile|x64
		{4D3D78AC-3600-4BF7-8A0F-EFB909576A34}.Profile|x64.Build.0 = Profile|x64
		{4D3D78AC-3600-4BF7-8A0F-EFB909576A34}.Release|Win32.ActiveCfg = Release|Win32
		{4D3D78AC-3600-4BF7-8A0F-EFB909576A34}.Release|Win32.Build.0 = Release|Win32
		{4D3D78AC-3600-4BF7-8A0F-EFB909576A34}.Release|x64.ActiveCfg = Release|x64
		{4D3D78AC-3600-4BF7-8A0F-EFB909576A34}.Release|x64.Build.0 = Release|x64
		{FA05BFE1-7467-4574-936F-7BBCDF46D7A0}.Debug|Win32.ActiveCfg = Debug|Win32
		{FA05BFE1-7467-4574-936F-7BBCDF46D7A0}.Debug|Win32.Build.0 = Debug|Win32
		{FA05BFE1-7467-4574-936F-7BBCDF46D7A0}.Debug|x64.ActiveCfg = Debug|x64
		{FA05BFE1-7467-4574-936F-7BBCDF46D7A0}.Debug|x64.Build.0 = Debug|x64
		{FA05BFE1-7467-4574-936F-7BBCDF46D7A0}.Profile|Win32.ActiveCfg = Release|Win32
		{FA05BFE1-7467-4574-936F-7BBCDF46D7A0}.Profile|Win32.Build.0 = Release|Win32
		{FA05BFE1-7467-4574-936F-7BBCDF46D7A0}.Profile|x64.ActiveCfg = Profile|x64
		{FA05BFE1-7467-4574-936F-7BBCDF46D7A0}.Profile|x64.Build.0 = Profile|x64
		{FA05BFE1-7467-4574-936F-7BBCDF46D7A0}.Release|Win32.ActiveCfg = Release|Win32
		{FA05BFE1-7467-4574-936F-7BBCDF46D7A0}.Release|Win32.Build.0 = Release|Win32
		{FA05BFE1-7467-4574-936F-7BBCDF46D7A0}.Release|x64.ActiveCfg = Release|x64
		{FA05BFE1-7467-4574-936F-7BBCDF46D7A0}.Release|x64.Build.0 = Release|x64
		{BD6184C1-2714-4539-9E0F-483F768B7FEA}.Debug|Win32.ActiveCfg = Debug|Win32
		{BD6184C1-2714-4539-9E0F-483F768B7FEA}.Debug|Win32.Build.0 = Debug|Win32
		{BD6184C1-2714-4539-9E0F-483F768B7FEA}.Debug|x64.ActiveCfg = Debug|x64
		{BD6184C1-2714-4539-9E0F-483F768B7FEA}.Debug|x64.Build.0 = Debug|x64
		{BD6184C1-2714-4539-9E0F-483F768B7FEA}.Profile|Win32.ActiveCfg = Release|Win32
		{BD6184C1-2714-4539-9E0F-483F768B7FEA}.Profile|Win32.Build.0 = Release|Win32
		{BD6184C1-2714-4539-9E0F-483F768B7FEA}.Profile|x64.ActiveCfg = Profile|x64
		{BD6184C1-2714-4539-9E0F-483F768B7FEA}.Profile|x64.Build.0 = Profile|x64
		{BD6184C1-2714-4539-9E0F-483F768B7FEA}.Release|Win32.ActiveCfg = Release|Win32
		{BD6184C1-2714-4539-9E0F-483F768B7FEA}.Release|Win32.Build.0 = Release|Win32
		{BD6184C1-2714-4539-9E0F-483F768B7FEA}.Release|x64.ActiveCfg = Release|x64
		{BD6184C1-2714-4539-9E0F-483F768B7FEA}.Release|x64.Build.0 = Release|x64
		{A70346ED-80B3-433C-A856-08C44D6854C8}.Debug|Win32.ActiveCfg = Debug|Win32
		{A70346ED-80B3-433C-A856-08C44D6854C8}.Debug|Win32.Build.0 = Debug|Win32
		{A70346ED-80B3-433C-A856-08C44D6854C8}.Debug|x64.ActiveCfg = Debug|x64
		{A70346ED-80B3-433C-A856-08C44D6854C8}.Debug|x64.Build.0 = Debug|x64
		{A70346ED-80B3-433C-A856-08C44D6854C8}.Profile|Win32.ActiveCfg = Release|Win32
		{A70346ED-80B3-433C-A856-08C44D6854C8}.Profile|Win32.Build.0 = Release|Win32
		{A70346ED-80B3-433C-A856-08C44D6854C8}.Profile|x64.ActiveCfg = Profile|x64
		{A70346ED-80B3-433C-A856-08C44D6854C8}.Profile|x64.Build.0 = Profile|x64
		{A70346ED-80B3-433C-A856-08C44D6854C8}.Release|Win32.ActiveCfg = Release|Win32
		{A70346ED-80B3-433C-A856-08C44D6854C8}.Release|Win32.Build.0 = Release|Win32
		{A70346ED-80B3-433C-A856-08C44D6854C8}.Release|x64.ActiveCfg = Release|x64
		{A70346ED-80B3-433C-A856-08C44D6854C8}.Release|x64.Build.0 = Release|x64
		{E876EE0E-AC17-4903-BDC9-497838AD2591}.Debug|Win32.ActiveCfg = Debug|Win32
		{E876EE0E-AC17-4903-BDC9-497838AD2591}.Debug|Win32.Build.0 = Debug|Win32
		{E876EE0E-AC17-4903-BDC9-497838AD2591}.Debug|x64.ActiveCfg = Debug|x64
		{E876EE0E-AC17-4903-BDC9-497838AD2591}.Debug|x64.Build.0 = Debug|x64
		{E876EE0E-AC17-4903-BDC9-497838AD2591}.Profile|Win32.ActiveCfg = Release|Win32
		{E876EE0E-AC17-4903-BDC9-497838AD2591}.Profile|Win32.Build.0 = Release|Win32
		{E876EE0E-AC17-4903-BDC9-497838AD2591}.Profile|x64.ActiveCfg = Release|x64
		{E876EE0E-AC17-4903-BDC9-497838AD2591}.Profile|x64.Build.0 = Release|x64
		{E876EE0E-AC17-4903-BDC9-497838AD2591}.Release|Win32.ActiveCfg = Release|Win32
		{E876EE0E-AC17-4903-BDC9-497838AD2591}.Release|Win32.Build.0 = Release|Win32
		{E876EE0E-AC17-4903-BDC9-497838AD2591}.Release|x64.ActiveCfg = Release|x64
		{E876EE0E-AC17-4903-BDC9-497838AD2591}.Release|x64.Build.0 = Release|x64
		{23FC1E32-F3C1-4C9D-88F5-80DFE9FAAAC9}.Debug|Win32.ActiveCfg = Debug|Win32
		{23FC1E32-F3C1-4C9D-88F5-80DFE9FAAAC9}.Debug|Win32.Build.0 = Debug|Win32
		{23FC1E32-F3C1-4C9D-88F5-80DFE9FAAAC9}.Debug|x64.ActiveCfg = Debug|x64
		{23FC1E32-F3C1-4C9D-88F5-80DFE9FAAAC9}.Debug|x64.Build.0 = Debug|x64
		{23FC1E32-F3C1-4C9D-88F5-80DFE9FAAAC9}.Profile|Win32.ActiveCfg = Release|Win32
		{23FC1E32-F3C1-4C9D-88F5-80DFE9FAAAC9}.Profile|Win32.Build.0 = Release|Win32
		{23FC1E32-F3C1-4C9D-88F5-80DFE9FAAAC9}.Profile|x64.ActiveCfg = Release|x64
		{23FC1E32-F3C1-4C9D-88F5-80DFE9FAAAC9}.Profile|x64.Build.0 = Release|x64
		{23FC1E32-F3C1-4C9D-88F5-80DFE9FAAAC9}.Release|Win32.ActiveCfg = Release|Win32
		{23FC1E32-F3C1-4C9D-88F5-80DFE9FAAAC9}.Release|Win32.Build.0 = Release|Win32
		{23FC1E32-F3C1-4C9D-88F5-80DFE9FAAAC9}.Release|x64.ActiveCfg = Release|x64
		{23FC1E32-F3C1-4C9D-88F5-80DFE9FAAAC9}.Release|x64.Build.0 = Release|x64
		{1301CBB1-AE4E-4128-9136-8944A96E07F1}.Debug|Win32.ActiveCfg = Debug|Win32
		{1301CBB1-AE4E-4128-9136-8944A96E07F1}.Debug|Win32.Build.0 = Debug|Win32
		{1301CBB1-AE4E-4128-9136-8944A96E07F1}.Debug|x64.ActiveCfg = Debug|x64
		{1301CBB1-AE4E-4128-9136-8944A96E07F1}.Debug|x64.Build.0 = Debug|x64
		{1301CBB1-AE4E-4128-9136-8944A96E07F1}.Profile|Win32.ActiveCfg = Release|Win32
		{1301CBB1-AE4E-4128-9136-8944A96E07F1}.Profile|Win32.Build.0 = Release|Win32
		{1301CBB1-AE4E-4128-9136-8944A96E07F1}.Profile|x64.ActiveCfg = Profile|x64
		{1301CBB1-AE4E-4128-9136-8944A96E07F1}.Profile|x64.Build.0 = Profile|x64
		{1301CBB1-AE4E-4128-9136-8944A96E07F1}.Release|Win32.ActiveCfg = Release|Win32
		{1301CBB1-AE4E-4128-9136-8944A96E07F1}.Release|Win32.Build.0 = Release|Win32
		{1301CBB1-AE4E-4128-9136-8944A96E07F1}.Release|x64.ActiveCfg = Release|x64
		{1301CBB1-AE4E-4128-9136-8944A96E07F1}.Release|x64.Build.0 = Release|x64
		{38BB3D8C-3497-4CEA-AF3D-8CD80A472EBD}.Debug|Win32.ActiveCfg = Debug|Win32
		{38BB3D8C-3497-4CEA-AF3D-8CD80A472EBD}.Debug|Win32.Build.0 = Debug|Win32
		{38BB3D8C-3497-4CEA-AF3D-8CD80A472EBD}.Debug|x64.ActiveCfg = Debug|x64
		{38BB3D8C-3497-4CEA-AF3D-8CD80A472EBD}.Debug|x64.Build.0 = Debug|x64
		{38BB3D8C-3497-4CEA-AF3D-8CD80A472EBD}.Profile|Win32.ActiveCfg = Release|Win32
		{38BB3D8C-3497-4CEA-AF3D-8CD80A472EBD}.Profile|Win32.Build.0 = Release|Win32
		{38BB3D8C-3497-4CEA-AF3D-8CD80A472EBD}.Profile|x64.ActiveCfg = Release|x64
		{38BB3D8C-3497-4CEA-AF3D-8CD80A472EBD}.Profile|x64.Build.0 = Release|x64
		{38BB3D8C-3497-4CEA-AF3D-8CD80A472EBD}.Release|Win32.ActiveCfg = Release|Win32
		{38BB3D8C-3497-4CEA-AF3D-8CD80A472EBD}.Release|Win32.Build.0 = Release|Win32
		{38BB3D8C-3497-4CEA-AF3D-8CD80A472EBD}.Release|x64.ActiveCfg = Release|x64
		{38BB3D8C-3497-4CEA-AF3D-8CD80A472EBD}.Release|x64.Build.0 = Release|x64
		{899605AF-94B8-4A15-83B6-CFC11C66FE34}.Debug|Win32.ActiveCfg = Debug|Win32
		{899605AF-94B8-4A15-83B6-CFC11C66FE34}.Debug|Win32.Build.0 = Debug|Win32
		{899605AF-94B8-4A15-83B6-CFC11C66FE34}.Debug|x64.ActiveCfg = Debug|x64
		{899605AF-94B8-4A15-83B6-CFC11C66FE34}.Debug|x64.Build.0 = Debug|x64
		{899605AF-94B8-4A15-83B6-CFC11C66FE34}.Profile|Win32.ActiveCfg = Release|Win32
		{899605AF-94B8-4A15-83B6-CFC11C66FE34}.Profile|Win32.Build.0 = Release|Win32
		{899605AF-94B8-4A15-83B6-CFC11C66FE34}.Profile|x64.ActiveCfg = Profile|x64
		{899605AF-94B8-4A15-83B6-CFC11C66FE34}.Profile|x64.Build.0 = Profile|x64
		{899605AF-94B8-4A15-83B6-CFC11C66FE34}.Release|Win32.ActiveCfg = Release|Win32
		{899605AF-94B8-4A15-83B6-CFC11C66FE34}.Release|Win32.Build.0 = Release|Win32
		{899605AF-94B8-4A15-83B6-CFC11C66FE34}.Release|x64.ActiveCfg = Release|x64
		{899605AF-94B8-4A15-83B6-CFC11C66FE34}.Release|x64.Build.0 = Release|x64
	EndGlobalSection
	GlobalSection(SolutionProperties) = preSolution
		HideSolutionNode = FALSE
	EndGlobalSection
EndGlobal
