Microsoft Visual Studio Solution File, Format Version 12.00
# Visual Studio 15
VisualStudioVersion = 15.0.27703.2018
MinimumVisualStudioVersion = 10.0.40219.1
Project("{8BC9CEB8-8B4A-11D0-8D11-00A0C91BC942}") = "Ana2Xml32", "Ana2Xml32\Ana2Xml32.vcxproj", "{1F78DEF0-3437-4519-B420-AD94A61EB621}"
EndProject
Project("{8BC9CEB8-8B4A-11D0-8D11-00A0C91BC942}") = "Ana2XmlCOM", "Ana2XmlCOM\Ana2XmlCOM.vcxproj", "{77342A1A-C9AD-474F-BEF1-33C9965A6B12}"
EndProject
Project("{8BC9CEB8-8B4A-11D0-8D11-00A0C91BC942}") = "Ana2Xmllib", "Ana2Xmllib\Ana2Xmllib.vcxproj", "{BA60D563-B3CE-4E87-A392-D0C41A3FB116}"
EndProject
Global
	GlobalSection(SolutionConfigurationPlatforms) = preSolution
		Debug|Win32 = Debug|Win32
		Release MinDependency|Win32 = Release MinDependency|Win32
		Release MinSize|Win32 = Release MinSize|Win32
		Release|Win32 = Release|Win32
		Unicode Debug|Win32 = Unicode Debug|Win32
		Unicode Release MinDependency|Win32 = Unicode Release MinDependency|Win32
		Unicode Release MinSize|Win32 = Unicode Release MinSize|Win32
	EndGlobalSection
	GlobalSection(ProjectConfigurationPlatforms) = postSolution
		{1F78DEF0-3437-4519-B420-AD94A61EB621}.Debug|Win32.ActiveCfg = Debug|Win32
		{1F78DEF0-3437-4519-B420-AD94A61EB621}.Debug|Win32.Build.0 = Debug|Win32
		{1F78DEF0-3437-4519-B420-AD94A61EB621}.Release MinDependency|Win32.ActiveCfg = Release|Win32
		{1F78DEF0-3437-4519-B420-AD94A61EB621}.Release MinDependency|Win32.Build.0 = Release|Win32
		{1F78DEF0-3437-4519-B420-AD94A61EB621}.Release MinSize|Win32.ActiveCfg = Release|Win32
		{1F78DEF0-3437-4519-B420-AD94A61EB621}.Release MinSize|Win32.Build.0 = Release|Win32
		{1F78DEF0-3437-4519-B420-AD94A61EB621}.Release|Win32.ActiveCfg = Release|Win32
		{1F78DEF0-3437-4519-B420-AD94A61EB621}.Release|Win32.Build.0 = Release|Win32
		{1F78DEF0-3437-4519-B420-AD94A61EB621}.Unicode Debug|Win32.ActiveCfg = Debug|Win32
		{1F78DEF0-3437-4519-B420-AD94A61EB621}.Unicode Debug|Win32.Build.0 = Debug|Win32
		{1F78DEF0-3437-4519-B420-AD94A61EB621}.Unicode Release MinDependency|Win32.ActiveCfg = Release|Win32
		{1F78DEF0-3437-4519-B420-AD94A61EB621}.Unicode Release MinDependency|Win32.Build.0 = Release|Win32
		{1F78DEF0-3437-4519-B420-AD94A61EB621}.Unicode Release MinSize|Win32.ActiveCfg = Release|Win32
		{1F78DEF0-3437-4519-B420-AD94A61EB621}.Unicode Release MinSize|Win32.Build.0 = Release|Win32
		{77342A1A-C9AD-474F-BEF1-33C9965A6B12}.Debug|Win32.ActiveCfg = Debug|Win32
		{77342A1A-C9AD-474F-BEF1-33C9965A6B12}.Debug|Win32.Build.0 = Debug|Win32
		{77342A1A-C9AD-474F-BEF1-33C9965A6B12}.Release MinDependency|Win32.ActiveCfg = Release MinDependency|Win32
		{77342A1A-C9AD-474F-BEF1-33C9965A6B12}.Release MinDependency|Win32.Build.0 = Release MinDependency|Win32
		{77342A1A-C9AD-474F-BEF1-33C9965A6B12}.Release MinSize|Win32.ActiveCfg = Release MinSize|Win32
		{77342A1A-C9AD-474F-BEF1-33C9965A6B12}.Release MinSize|Win32.Build.0 = Release MinSize|Win32
		{77342A1A-C9AD-474F-BEF1-33C9965A6B12}.Release|Win32.ActiveCfg = Release MinSize|Win32
		{77342A1A-C9AD-474F-BEF1-33C9965A6B12}.Release|Win32.Build.0 = Release MinSize|Win32
		{77342A1A-C9AD-474F-BEF1-33C9965A6B12}.Unicode Debug|Win32.ActiveCfg = Unicode Debug|Win32
		{77342A1A-C9AD-474F-BEF1-33C9965A6B12}.Unicode Debug|Win32.Build.0 = Unicode Debug|Win32
		{77342A1A-C9AD-474F-BEF1-33C9965A6B12}.Unicode Release MinDependency|Win32.ActiveCfg = Unicode Release MinDependency|Win32
		{77342A1A-C9AD-474F-BEF1-33C9965A6B12}.Unicode Release MinDependency|Win32.Build.0 = Unicode Release MinDependency|Win32
		{77342A1A-C9AD-474F-BEF1-33C9965A6B12}.Unicode Release MinSize|Win32.ActiveCfg = Unicode Release MinSize|Win32
		{77342A1A-C9AD-474F-BEF1-33C9965A6B12}.Unicode Release MinSize|Win32.Build.0 = Unicode Release MinSize|Win32
		{BA60D563-B3CE-4E87-A392-D0C41A3FB116}.Debug|Win32.ActiveCfg = Debug|Win32
		{BA60D563-B3CE-4E87-A392-D0C41A3FB116}.Debug|Win32.Build.0 = Debug|Win32
		{BA60D563-B3CE-4E87-A392-D0C41A3FB116}.Release MinDependency|Win32.ActiveCfg = Release|Win32
		{BA60D563-B3CE-4E87-A392-D0C41A3FB116}.Release MinDependency|Win32.Build.0 = Release|Win32
		{BA60D563-B3CE-4E87-A392-D0C41A3FB116}.Release MinSize|Win32.ActiveCfg = Release|Win32
		{BA60D563-B3CE-4E87-A392-D0C41A3FB116}.Release MinSize|Win32.Build.0 = Release|Win32
		{BA60D563-B3CE-4E87-A392-D0C41A3FB116}.Release|Win32.ActiveCfg = Release|Win32
		{BA60D563-B3CE-4E87-A392-D0C41A3FB116}.Release|Win32.Build.0 = Release|Win32
		{BA60D563-B3CE-4E87-A392-D0C41A3FB116}.Unicode Debug|Win32.ActiveCfg = Debug|Win32
		{BA60D563-B3CE-4E87-A392-D0C41A3FB116}.Unicode Debug|Win32.Build.0 = Debug|Win32
		{BA60D563-B3CE-4E87-A392-D0C41A3FB116}.Unicode Release MinDependency|Win32.ActiveCfg = Release|Win32
		{BA60D563-B3CE-4E87-A392-D0C41A3FB116}.Unicode Release MinDependency|Win32.Build.0 = Release|Win32
		{BA60D563-B3CE-4E87-A392-D0C41A3FB116}.Unicode Release MinSize|Win32.ActiveCfg = Release|Win32
		{BA60D563-B3CE-4E87-A392-D0C41A3FB116}.Unicode Release MinSize|Win32.Build.0 = Release|Win32
	EndGlobalSection
	GlobalSection(SolutionProperties) = preSolution
		HideSolutionNode = FALSE
	EndGlobalSection
	GlobalSection(ExtensibilityGlobals) = postSolution
		SolutionGuid = {D29FF1F8-7A32-4630-811C-3A7465908BD5}
	EndGlobalSection
EndGlobal
