
Microsoft Visual Studio Solution File, Format Version 9.00
# Visual Studio 2005
Project("{8BC9CEB8-8B4A-11D0-8D11-00A0C91BC942}") = "stamp", "Stamp-2005.vcproj", "{BD6184C1-2714-4539-9E0F-483F768B7FEA}"
EndProject
Global
	GlobalSection(SolutionConfigurationPlatforms) = preSolution
		Debug|Win32 = Debug|Win32
		Profile|Win32 = Profile|Win32
		Release|Win32 = Release|Win32
	EndGlobalSection
	GlobalSection(ProjectConfigurationPlatforms) = postSolution
		{BD6184C1-2714-4539-9E0F-483F768B7FEA}.Debug|Win32.ActiveCfg = Debug|Win32
		{BD6184C1-2714-4539-9E0F-483F768B7FEA}.Debug|Win32.Build.0 = Debug|Win32
		{BD6184C1-2714-4539-9E0F-483F768B7FEA}.Profile|Win32.ActiveCfg = Profile|Win32
		{BD6184C1-2714-4539-9E0F-483F768B7FEA}.Profile|Win32.Build.0 = Profile|Win32
		{BD6184C1-2714-4539-9E0F-483F768B7FEA}.Release|Win32.ActiveCfg = Release|Win32
		{BD6184C1-2714-4539-9E0F-483F768B7FEA}.Release|Win32.Build.0 = Release|Win32
	EndGlobalSection
	GlobalSection(SolutionProperties) = preSolution
		HideSolutionNode = FALSE
	EndGlobalSection
EndGlobal
