Microsoft Visual Studio Solution File, Format Version 7.00
Project("{FAE04EC0-301F-11D3-BF4B-00C04F79EFBC}") = "MakeHtms", "MakeHtms.csproj", "{92BFD17D-8193-4F22-9990-3F6BB74E2278}"
EndProject
Global
	GlobalSection(SolutionConfiguration) = preSolution
		ConfigName.0 = Debug
		ConfigName.1 = Release
	EndGlobalSection
	GlobalSection(ProjectDependencies) = postSolution
	EndGlobalSection
	GlobalSection(ProjectConfiguration) = postSolution
		{92BFD17D-8193-4F22-9990-3F6BB74E2278}.Debug.ActiveCfg = Debug|.NET
		{92BFD17D-8193-4F22-9990-3F6BB74E2278}.Debug.Build.0 = Debug|.NET
		{92BFD17D-8193-4F22-9990-3F6BB74E2278}.Release.ActiveCfg = Release|.NET
		{92BFD17D-8193-4F22-9990-3F6BB74E2278}.Release.Build.0 = Release|.NET
	EndGlobalSection
	GlobalSection(ExtensibilityGlobals) = postSolution
	EndGlobalSection
	GlobalSection(ExtensibilityAddIns) = postSolution
	EndGlobalSection
EndGlobal
